// !$*UTF8*$!
{
	archiveVersion = 1;
	classes = {
	};
	objectVersion = 55;
	objects = {

/* Begin PBXBuildFile section */
		DA1A7CC3285B699B0076DCFC /* Add Shared with You to your app .swift in Sources */ = {isa = PBXBuildFile; fileRef = DA1A7CC2285B699B0076DCFC /* Add Shared with You to your app .swift */; };
		DA1A7CC4285B699B0076DCFC /* Add Shared with You to your app .swift in Sources */ = {isa = PBXBuildFile; fileRef = DA1A7CC2285B699B0076DCFC /* Add Shared with You to your app .swift */; };
		DA1A7CC6285B7CF00076DCFC /* Adopt declarative device management .swift in Sources */ = {isa = PBXBuildFile; fileRef = DA1A7CC5285B7CF00076DCFC /* Adopt declarative device management .swift */; };
		DA1A7CC7285B7CF00076DCFC /* Adopt declarative device management .swift in Sources */ = {isa = PBXBuildFile; fileRef = DA1A7CC5285B7CF00076DCFC /* Adopt declarative device management .swift */; };
		DA47EA952857035D003A8ACF /* Tests_iOS.swift in Sources */ = {isa = PBXBuildFile; fileRef = DA47EA942857035D003A8ACF /* Tests_iOS.swift */; };
		DA47EA972857035D003A8ACF /* Tests_iOSLaunchTests.swift in Sources */ = {isa = PBXBuildFile; fileRef = DA47EA962857035D003A8ACF /* Tests_iOSLaunchTests.swift */; };
		DA47EAA12857035D003A8ACF /* Tests_macOS.swift in Sources */ = {isa = PBXBuildFile; fileRef = DA47EAA02857035D003A8ACF /* Tests_macOS.swift */; };
		DA47EAA32857035D003A8ACF /* Tests_macOSLaunchTests.swift in Sources */ = {isa = PBXBuildFile; fileRef = DA47EAA22857035D003A8ACF /* Tests_macOSLaunchTests.swift */; };
		DA47EAA42857035D003A8ACF /* WWDCForJapanese.xcdatamodeld in Sources */ = {isa = PBXBuildFile; fileRef = DA47EA792857035C003A8ACF /* WWDCForJapanese.xcdatamodeld */; };
		DA47EAA52857035D003A8ACF /* WWDCForJapanese.xcdatamodeld in Sources */ = {isa = PBXBuildFile; fileRef = DA47EA792857035C003A8ACF /* WWDCForJapanese.xcdatamodeld */; };
		DA47EAA62857035D003A8ACF /* WWDCForJapaneseApp.swift in Sources */ = {isa = PBXBuildFile; fileRef = DA47EA7B2857035C003A8ACF /* WWDCForJapaneseApp.swift */; };
		DA47EAA72857035D003A8ACF /* WWDCForJapaneseApp.swift in Sources */ = {isa = PBXBuildFile; fileRef = DA47EA7B2857035C003A8ACF /* WWDCForJapaneseApp.swift */; };
		DA47EAA82857035D003A8ACF /* RootView.swift in Sources */ = {isa = PBXBuildFile; fileRef = DA47EA7C2857035C003A8ACF /* RootView.swift */; };
		DA47EAA92857035D003A8ACF /* RootView.swift in Sources */ = {isa = PBXBuildFile; fileRef = DA47EA7C2857035C003A8ACF /* RootView.swift */; };
		DA47EAAA2857035D003A8ACF /* Persistence.swift in Sources */ = {isa = PBXBuildFile; fileRef = DA47EA7D2857035C003A8ACF /* Persistence.swift */; };
		DA47EAAB2857035D003A8ACF /* Persistence.swift in Sources */ = {isa = PBXBuildFile; fileRef = DA47EA7D2857035C003A8ACF /* Persistence.swift */; };
		DA47EAAC2857035D003A8ACF /* Assets.xcassets in Resources */ = {isa = PBXBuildFile; fileRef = DA47EA7E2857035D003A8ACF /* Assets.xcassets */; };
		DA47EAAD2857035D003A8ACF /* Assets.xcassets in Resources */ = {isa = PBXBuildFile; fileRef = DA47EA7E2857035D003A8ACF /* Assets.xcassets */; };
		DA47EABD28570399003A8ACF /* WWDCFormatter.swift in Sources */ = {isa = PBXBuildFile; fileRef = DA47EABC28570399003A8ACF /* WWDCFormatter.swift */; };
		DA47EABE28570399003A8ACF /* WWDCFormatter.swift in Sources */ = {isa = PBXBuildFile; fileRef = DA47EABC28570399003A8ACF /* WWDCFormatter.swift */; };
		DA47EAC1285703C2003A8ACF /* ArrayExt.swift in Sources */ = {isa = PBXBuildFile; fileRef = DA47EAC0285703C2003A8ACF /* ArrayExt.swift */; };
		DA47EAC2285703C2003A8ACF /* ArrayExt.swift in Sources */ = {isa = PBXBuildFile; fileRef = DA47EAC0285703C2003A8ACF /* ArrayExt.swift */; };
		DA47EAC728570701003A8ACF /* ItemDetailView.swift in Sources */ = {isa = PBXBuildFile; fileRef = DA47EAC628570701003A8ACF /* ItemDetailView.swift */; };
		DA47EAC828570701003A8ACF /* ItemDetailView.swift in Sources */ = {isa = PBXBuildFile; fileRef = DA47EAC628570701003A8ACF /* ItemDetailView.swift */; };
		DA47EACC28570C61003A8ACF /* What's new in SF Symbols 4.swift in Sources */ = {isa = PBXBuildFile; fileRef = DA47EACB28570C61003A8ACF /* What's new in SF Symbols 4.swift */; };
		DA47EACD28570C61003A8ACF /* What's new in SF Symbols 4.swift in Sources */ = {isa = PBXBuildFile; fileRef = DA47EACB28570C61003A8ACF /* What's new in SF Symbols 4.swift */; };
		DA47EACF28570CCE003A8ACF /* ArticleProtocol.swift in Sources */ = {isa = PBXBuildFile; fileRef = DA47EACE28570CCE003A8ACF /* ArticleProtocol.swift */; };
		DA47EAD028570CCE003A8ACF /* ArticleProtocol.swift in Sources */ = {isa = PBXBuildFile; fileRef = DA47EACE28570CCE003A8ACF /* ArticleProtocol.swift */; };
		DA47EAD228571D61003A8ACF /* HomeView.swift in Sources */ = {isa = PBXBuildFile; fileRef = DA47EAD128571D61003A8ACF /* HomeView.swift */; };
		DA47EAD328571D61003A8ACF /* HomeView.swift in Sources */ = {isa = PBXBuildFile; fileRef = DA47EAD128571D61003A8ACF /* HomeView.swift */; };
		DA47EAD528571D82003A8ACF /* MyPageView.swift in Sources */ = {isa = PBXBuildFile; fileRef = DA47EAD428571D82003A8ACF /* MyPageView.swift */; };
		DA47EAD628571D82003A8ACF /* MyPageView.swift in Sources */ = {isa = PBXBuildFile; fileRef = DA47EAD428571D82003A8ACF /* MyPageView.swift */; };
		DA47EAD8285720D6003A8ACF /* WWDC22Articles.swift in Sources */ = {isa = PBXBuildFile; fileRef = DA47EAD7285720D6003A8ACF /* WWDC22Articles.swift */; };
		DA47EAD9285720D6003A8ACF /* WWDC22Articles.swift in Sources */ = {isa = PBXBuildFile; fileRef = DA47EAD7285720D6003A8ACF /* WWDC22Articles.swift */; };
		DA47EADB28574A3F003A8ACF /* ComplicationsAndWidgetsReloadedArticle.swift in Sources */ = {isa = PBXBuildFile; fileRef = DA47EADA28574A3F003A8ACF /* ComplicationsAndWidgetsReloadedArticle.swift */; };
		DA47EADC28574A3F003A8ACF /* ComplicationsAndWidgetsReloadedArticle.swift in Sources */ = {isa = PBXBuildFile; fileRef = DA47EADA28574A3F003A8ACF /* ComplicationsAndWidgetsReloadedArticle.swift */; };
		DA47EADE28577E76003A8ACF /* CreateParametric3DRoomScansWithRoomPlanArticle.swift in Sources */ = {isa = PBXBuildFile; fileRef = DA47EADD28577E76003A8ACF /* CreateParametric3DRoomScansWithRoomPlanArticle.swift */; };
		DA47EADF28577E76003A8ACF /* CreateParametric3DRoomScansWithRoomPlanArticle.swift in Sources */ = {isa = PBXBuildFile; fileRef = DA47EADD28577E76003A8ACF /* CreateParametric3DRoomScansWithRoomPlanArticle.swift */; };
		DA47EAE1285780D6003A8ACF /* HelloSwiftChartsArticle.swift in Sources */ = {isa = PBXBuildFile; fileRef = DA47EAE0285780D6003A8ACF /* HelloSwiftChartsArticle.swift */; };
		DA47EAE2285780D6003A8ACF /* HelloSwiftChartsArticle.swift in Sources */ = {isa = PBXBuildFile; fileRef = DA47EAE0285780D6003A8ACF /* HelloSwiftChartsArticle.swift */; };
		DA47EAE42857FADE003A8ACF /* Bring your driver to iPad with DriverKit.swift in Sources */ = {isa = PBXBuildFile; fileRef = DA47EAE32857FADE003A8ACF /* Bring your driver to iPad with DriverKit.swift */; };
		DA47EAE52857FADE003A8ACF /* Bring your driver to iPad with DriverKit.swift in Sources */ = {isa = PBXBuildFile; fileRef = DA47EAE32857FADE003A8ACF /* Bring your driver to iPad with DriverKit.swift */; };
		DA47EAE728596F87003A8ACF /* Add accessibility to your Unity games.swift in Sources */ = {isa = PBXBuildFile; fileRef = DA47EAE628596F87003A8ACF /* Add accessibility to your Unity games.swift */; };
		DA47EAE828596F87003A8ACF /* Add accessibility to your Unity games.swift in Sources */ = {isa = PBXBuildFile; fileRef = DA47EAE628596F87003A8ACF /* Add accessibility to your Unity games.swift */; };
		DA47EAEA285971F7003A8ACF /* Adopt Variable Color in SF Symbols.swift in Sources */ = {isa = PBXBuildFile; fileRef = DA47EAE9285971F7003A8ACF /* Adopt Variable Color in SF Symbols.swift */; };
		DA47EAEB285971F7003A8ACF /* Adopt Variable Color in SF Symbols.swift in Sources */ = {isa = PBXBuildFile; fileRef = DA47EAE9285971F7003A8ACF /* Adopt Variable Color in SF Symbols.swift */; };
		DA47EAED285975A5003A8ACF /* Adopt desktop-class editing interactions.swift in Sources */ = {isa = PBXBuildFile; fileRef = DA47EAEC285975A5003A8ACF /* Adopt desktop-class editing interactions.swift */; };
		DA47EAEE285975A5003A8ACF /* Adopt desktop-class editing interactions.swift in Sources */ = {isa = PBXBuildFile; fileRef = DA47EAEC285975A5003A8ACF /* Adopt desktop-class editing interactions.swift */; };
		DA47EAF0285977C5003A8ACF /* Bring Continuity Camera to your macOS app .swift in Sources */ = {isa = PBXBuildFile; fileRef = DA47EAEF285977C5003A8ACF /* Bring Continuity Camera to your macOS app .swift */; };
		DA47EAF1285977C5003A8ACF /* Bring Continuity Camera to your macOS app .swift in Sources */ = {isa = PBXBuildFile; fileRef = DA47EAEF285977C5003A8ACF /* Bring Continuity Camera to your macOS app .swift */; };
		DA47EAF328597914003A8ACF /* Bring your world into augmented reality .swift in Sources */ = {isa = PBXBuildFile; fileRef = DA47EAF228597914003A8ACF /* Bring your world into augmented reality .swift */; };
		DA47EAF428597914003A8ACF /* Bring your world into augmented reality .swift in Sources */ = {isa = PBXBuildFile; fileRef = DA47EAF228597914003A8ACF /* Bring your world into augmented reality .swift */; };
		DA47EAF628597DEC003A8ACF /* Build your first app in Swift Playgrounds .swift in Sources */ = {isa = PBXBuildFile; fileRef = DA47EAF528597DEC003A8ACF /* Build your first app in Swift Playgrounds .swift */; };
		DA47EAF728597DEC003A8ACF /* Build your first app in Swift Playgrounds .swift in Sources */ = {isa = PBXBuildFile; fileRef = DA47EAF528597DEC003A8ACF /* Build your first app in Swift Playgrounds .swift */; };
		DA47EAFA2859B52C003A8ACF /* NukeUI in Frameworks */ = {isa = PBXBuildFile; productRef = DA47EAF92859B52C003A8ACF /* NukeUI */; };
		DA47EAFC2859B6CD003A8ACF /* Capture machine-readable codes and text with VisionKit .swift in Sources */ = {isa = PBXBuildFile; fileRef = DA47EAFB2859B6CD003A8ACF /* Capture machine-readable codes and text with VisionKit .swift */; };
		DA47EAFD2859B6CD003A8ACF /* Capture machine-readable codes and text with VisionKit .swift in Sources */ = {isa = PBXBuildFile; fileRef = DA47EAFB2859B6CD003A8ACF /* Capture machine-readable codes and text with VisionKit .swift */; };
		DA47EAFF2859B920003A8ACF /* Create a more responsive media app.swift in Sources */ = {isa = PBXBuildFile; fileRef = DA47EAFE2859B920003A8ACF /* Create a more responsive media app.swift */; };
		DA47EB002859B920003A8ACF /* Create a more responsive media app.swift in Sources */ = {isa = PBXBuildFile; fileRef = DA47EAFE2859B920003A8ACF /* Create a more responsive media app.swift */; };
		DA47EB022859BBCB003A8ACF /* Create macOS or Linux virtual machines.swift in Sources */ = {isa = PBXBuildFile; fileRef = DA47EB012859BBCB003A8ACF /* Create macOS or Linux virtual machines.swift */; };
		DA47EB032859BBCB003A8ACF /* Create macOS or Linux virtual machines.swift in Sources */ = {isa = PBXBuildFile; fileRef = DA47EB012859BBCB003A8ACF /* Create macOS or Linux virtual machines.swift */; };
		DA47EB052859D14D003A8ACF /* Deliver reliable streams with HLS Content Steering .swift in Sources */ = {isa = PBXBuildFile; fileRef = DA47EB042859D14D003A8ACF /* Deliver reliable streams with HLS Content Steering .swift */; };
		DA47EB062859D14D003A8ACF /* Deliver reliable streams with HLS Content Steering .swift in Sources */ = {isa = PBXBuildFile; fileRef = DA47EB042859D14D003A8ACF /* Deliver reliable streams with HLS Content Steering .swift */; };
		DA47EB082859D460003A8ACF /* DiscoverMetal3Article.swift in Sources */ = {isa = PBXBuildFile; fileRef = DA47EB072859D460003A8ACF /* DiscoverMetal3Article.swift */; };
		DA47EB092859D460003A8ACF /* DiscoverMetal3Article.swift in Sources */ = {isa = PBXBuildFile; fileRef = DA47EB072859D460003A8ACF /* DiscoverMetal3Article.swift */; };
		DA47EB0B2859D660003A8ACF /* Dive into App Intents .swift in Sources */ = {isa = PBXBuildFile; fileRef = DA47EB0A2859D660003A8ACF /* Dive into App Intents .swift */; };
		DA47EB0C2859D660003A8ACF /* Dive into App Intents .swift in Sources */ = {isa = PBXBuildFile; fileRef = DA47EB0A2859D660003A8ACF /* Dive into App Intents .swift */; };
		DA47EB112859D7AC003A8ACF /*  Enhance collaboration experiences with Messages.swift in Sources */ = {isa = PBXBuildFile; fileRef = DA47EB102859D7AC003A8ACF /*  Enhance collaboration experiences with Messages.swift */; };
		DA47EB122859D7AC003A8ACF /*  Enhance collaboration experiences with Messages.swift in Sources */ = {isa = PBXBuildFile; fileRef = DA47EB102859D7AC003A8ACF /*  Enhance collaboration experiences with Messages.swift */; };
		DA47EB142859D9EC003A8ACF /* Enhance voice communication with Push to Talk .swift in Sources */ = {isa = PBXBuildFile; fileRef = DA47EB132859D9EC003A8ACF /* Enhance voice communication with Push to Talk .swift */; };
		DA47EB152859D9EC003A8ACF /* Enhance voice communication with Push to Talk .swift in Sources */ = {isa = PBXBuildFile; fileRef = DA47EB132859D9EC003A8ACF /* Enhance voice communication with Push to Talk .swift */; };
		DA47EB182859DB4C003A8ACF /* Explore more content with MusicKit .swift in Sources */ = {isa = PBXBuildFile; fileRef = DA47EB172859DB4C003A8ACF /* Explore more content with MusicKit .swift */; };
		DA47EB192859DB4C003A8ACF /* Explore more content with MusicKit .swift in Sources */ = {isa = PBXBuildFile; fileRef = DA47EB172859DB4C003A8ACF /* Explore more content with MusicKit .swift */; };
		DA47EB1C2859DDE3003A8ACF /* Get more mileage out of your app with CarPlay .swift in Sources */ = {isa = PBXBuildFile; fileRef = DA47EB1B2859DDE3003A8ACF /* Get more mileage out of your app with CarPlay .swift */; };
		DA47EB1D2859DDE3003A8ACF /* Get more mileage out of your app with CarPlay .swift in Sources */ = {isa = PBXBuildFile; fileRef = DA47EB1B2859DDE3003A8ACF /* Get more mileage out of your app with CarPlay .swift */; };
		DA47EB202859E0BF003A8ACF /* Get the most out of Xcode Cloud .swift in Sources */ = {isa = PBXBuildFile; fileRef = DA47EB1F2859E0BF003A8ACF /* Get the most out of Xcode Cloud .swift */; };
		DA47EB212859E0BF003A8ACF /* Get the most out of Xcode Cloud .swift in Sources */ = {isa = PBXBuildFile; fileRef = DA47EB1F2859E0BF003A8ACF /* Get the most out of Xcode Cloud .swift */; };
		DA47EB242859E1BF003A8ACF /* Get timely alerts from Bluetooth devices on watchOS .swift in Sources */ = {isa = PBXBuildFile; fileRef = DA47EB232859E1BF003A8ACF /* Get timely alerts from Bluetooth devices on watchOS .swift */; };
		DA47EB252859E1BF003A8ACF /* Get timely alerts from Bluetooth devices on watchOS .swift in Sources */ = {isa = PBXBuildFile; fileRef = DA47EB232859E1BF003A8ACF /* Get timely alerts from Bluetooth devices on watchOS .swift */; };
		DA47EB282859E2EC003A8ACF /* Get to know Create ML Components .swift in Sources */ = {isa = PBXBuildFile; fileRef = DA47EB272859E2EC003A8ACF /* Get to know Create ML Components .swift */; };
		DA47EB292859E2EC003A8ACF /* Get to know Create ML Components .swift in Sources */ = {isa = PBXBuildFile; fileRef = DA47EB272859E2EC003A8ACF /* Get to know Create ML Components .swift */; };
		DA47EB2C285A0356003A8ACF /* Get to know Developer Mode .swift in Sources */ = {isa = PBXBuildFile; fileRef = DA47EB2B285A0356003A8ACF /* Get to know Developer Mode .swift */; };
		DA47EB2D285A0356003A8ACF /* Get to know Developer Mode .swift in Sources */ = {isa = PBXBuildFile; fileRef = DA47EB2B285A0356003A8ACF /* Get to know Developer Mode .swift */; };
		DA47EB34285A079A003A8ACF /* Implement App Shortcuts with App Intents .swift in Sources */ = {isa = PBXBuildFile; fileRef = DA47EB33285A079A003A8ACF /* Implement App Shortcuts with App Intents .swift */; };
		DA47EB35285A079A003A8ACF /* Implement App Shortcuts with App Intents .swift in Sources */ = {isa = PBXBuildFile; fileRef = DA47EB33285A079A003A8ACF /* Implement App Shortcuts with App Intents .swift */; };
		DA47EB38285A08E2003A8ACF /* Load resources faster with Metal 3 .swift in Sources */ = {isa = PBXBuildFile; fileRef = DA47EB37285A08E2003A8ACF /* Load resources faster with Metal 3 .swift */; };
		DA47EB39285A08E2003A8ACF /* Load resources faster with Metal 3 .swift in Sources */ = {isa = PBXBuildFile; fileRef = DA47EB37285A08E2003A8ACF /* Load resources faster with Metal 3 .swift */; };
		DA47EB3C285A0A33003A8ACF /* Meet Apple Maps Server APIs .swift in Sources */ = {isa = PBXBuildFile; fileRef = DA47EB3B285A0A33003A8ACF /* Meet Apple Maps Server APIs .swift */; };
		DA47EB3D285A0A33003A8ACF /* Meet Apple Maps Server APIs .swift in Sources */ = {isa = PBXBuildFile; fileRef = DA47EB3B285A0A33003A8ACF /* Meet Apple Maps Server APIs .swift */; };
		DA47EB3F285A0BFF003A8ACF /* Meet Focus filters .swift in Sources */ = {isa = PBXBuildFile; fileRef = DA47EB3E285A0BFF003A8ACF /* Meet Focus filters .swift */; };
		DA47EB40285A0BFF003A8ACF /* Meet Focus filters .swift in Sources */ = {isa = PBXBuildFile; fileRef = DA47EB3E285A0BFF003A8ACF /* Meet Focus filters .swift */; };
		DA47EB42285A0D72003A8ACF /* Meet Swift Async Algorithms .swift in Sources */ = {isa = PBXBuildFile; fileRef = DA47EB41285A0D72003A8ACF /* Meet Swift Async Algorithms .swift */; };
		DA47EB43285A0D72003A8ACF /* Meet Swift Async Algorithms .swift in Sources */ = {isa = PBXBuildFile; fileRef = DA47EB41285A0D72003A8ACF /* Meet Swift Async Algorithms .swift */; };
		DA47EB45285A0E63003A8ACF /* Meet Swift Regex .swift in Sources */ = {isa = PBXBuildFile; fileRef = DA47EB44285A0E63003A8ACF /* Meet Swift Regex .swift */; };
		DA47EB46285A0E63003A8ACF /* Meet Swift Regex .swift in Sources */ = {isa = PBXBuildFile; fileRef = DA47EB44285A0E63003A8ACF /* Meet Swift Regex .swift */; };
		DA47EB49285A114F003A8ACF /* Meet WeatherKit .swift in Sources */ = {isa = PBXBuildFile; fileRef = DA47EB48285A114F003A8ACF /* Meet WeatherKit .swift */; };
		DA47EB4A285A114F003A8ACF /* Meet WeatherKit .swift in Sources */ = {isa = PBXBuildFile; fileRef = DA47EB48285A114F003A8ACF /* Meet WeatherKit .swift */; };
		DA47EB4C285A11F7003A8ACF /* Meet Web Push for Safari .swift in Sources */ = {isa = PBXBuildFile; fileRef = DA47EB4B285A11F7003A8ACF /* Meet Web Push for Safari .swift */; };
		DA47EB4D285A11F7003A8ACF /* Meet Web Push for Safari .swift in Sources */ = {isa = PBXBuildFile; fileRef = DA47EB4B285A11F7003A8ACF /* Meet Web Push for Safari .swift */; };
		DA47EB50285A130A003A8ACF /* Meet desktop-class iPad .swift in Sources */ = {isa = PBXBuildFile; fileRef = DA47EB4F285A130A003A8ACF /* Meet desktop-class iPad .swift */; };
		DA47EB51285A130A003A8ACF /* Meet desktop-class iPad .swift in Sources */ = {isa = PBXBuildFile; fileRef = DA47EB4F285A130A003A8ACF /* Meet desktop-class iPad .swift */; };
		DA47EB53285A1417003A8ACF /* Meet passkeys .swift in Sources */ = {isa = PBXBuildFile; fileRef = DA47EB52285A1417003A8ACF /* Meet passkeys .swift */; };
		DA47EB54285A1417003A8ACF /* Meet passkeys .swift in Sources */ = {isa = PBXBuildFile; fileRef = DA47EB52285A1417003A8ACF /* Meet passkeys .swift */; };
		DA47EB57285A1568003A8ACF /* Plug-in and play- Add Apple frameworks to your Unity game projects .swift in Sources */ = {isa = PBXBuildFile; fileRef = DA47EB56285A1568003A8ACF /* Plug-in and play- Add Apple frameworks to your Unity game projects .swift */; };
		DA47EB58285A1568003A8ACF /* Plug-in and play- Add Apple frameworks to your Unity game projects .swift in Sources */ = {isa = PBXBuildFile; fileRef = DA47EB56285A1568003A8ACF /* Plug-in and play- Add Apple frameworks to your Unity game projects .swift */; };
		DA47EB5A285A17DD003A8ACF /* Program Metal in C++ with metal-cpp .swift in Sources */ = {isa = PBXBuildFile; fileRef = DA47EB59285A17DD003A8ACF /* Program Metal in C++ with metal-cpp .swift */; };
		DA47EB5B285A17DD003A8ACF /* Program Metal in C++ with metal-cpp .swift in Sources */ = {isa = PBXBuildFile; fileRef = DA47EB59285A17DD003A8ACF /* Program Metal in C++ with metal-cpp .swift */; };
		DA47EB5E285A1924003A8ACF /* Qualities of great AR experiences .swift in Sources */ = {isa = PBXBuildFile; fileRef = DA47EB5D285A1924003A8ACF /* Qualities of great AR experiences .swift */; };
		DA47EB5F285A1924003A8ACF /* Qualities of great AR experiences .swift in Sources */ = {isa = PBXBuildFile; fileRef = DA47EB5D285A1924003A8ACF /* Qualities of great AR experiences .swift */; };
		DA47EB62285A1DBB003A8ACF /* The SwiftUI cookbook for navigation.swift in Sources */ = {isa = PBXBuildFile; fileRef = DA47EB61285A1DBB003A8ACF /* The SwiftUI cookbook for navigation.swift */; };
		DA47EB63285A1DBB003A8ACF /* The SwiftUI cookbook for navigation.swift in Sources */ = {isa = PBXBuildFile; fileRef = DA47EB61285A1DBB003A8ACF /* The SwiftUI cookbook for navigation.swift */; };
		DA47EB66285A3017003A8ACF /* Visualize and optimize Swift concurrency .swift in Sources */ = {isa = PBXBuildFile; fileRef = DA47EB65285A3017003A8ACF /* Visualize and optimize Swift concurrency .swift */; };
		DA47EB67285A3017003A8ACF /* Visualize and optimize Swift concurrency .swift in Sources */ = {isa = PBXBuildFile; fileRef = DA47EB65285A3017003A8ACF /* Visualize and optimize Swift concurrency .swift */; };
		DA47EB69285A3916003A8ACF /* What's new in App Clips .swift in Sources */ = {isa = PBXBuildFile; fileRef = DA47EB68285A3916003A8ACF /* What's new in App Clips .swift */; };
		DA47EB6A285A3916003A8ACF /* What's new in App Clips .swift in Sources */ = {isa = PBXBuildFile; fileRef = DA47EB68285A3916003A8ACF /* What's new in App Clips .swift */; };
		DA47EB6C285A39F2003A8ACF /* What's new in AppKit .swift in Sources */ = {isa = PBXBuildFile; fileRef = DA47EB6B285A39F2003A8ACF /* What's new in AppKit .swift */; };
		DA47EB6D285A39F2003A8ACF /* What's new in AppKit .swift in Sources */ = {isa = PBXBuildFile; fileRef = DA47EB6B285A39F2003A8ACF /* What's new in AppKit .swift */; };
		DA47EB6F285A3B8A003A8ACF /* What's new in Create ML .swift in Sources */ = {isa = PBXBuildFile; fileRef = DA47EB6E285A3B8A003A8ACF /* What's new in Create ML .swift */; };
		DA47EB70285A3B8A003A8ACF /* What's new in Create ML .swift in Sources */ = {isa = PBXBuildFile; fileRef = DA47EB6E285A3B8A003A8ACF /* What's new in Create ML .swift */; };
		DA47EB72285A3D23003A8ACF /* What's new in Nearby Interaction .swift in Sources */ = {isa = PBXBuildFile; fileRef = DA47EB71285A3D23003A8ACF /* What's new in Nearby Interaction .swift */; };
		DA47EB73285A3D23003A8ACF /* What's new in Nearby Interaction .swift in Sources */ = {isa = PBXBuildFile; fileRef = DA47EB71285A3D23003A8ACF /* What's new in Nearby Interaction .swift */; };
		DA47EB78285A3F00003A8ACF /* What's new in Safari and WebKit .swift in Sources */ = {isa = PBXBuildFile; fileRef = DA47EB77285A3F00003A8ACF /* What's new in Safari and WebKit .swift */; };
		DA47EB79285A3F00003A8ACF /* What's new in Safari and WebKit .swift in Sources */ = {isa = PBXBuildFile; fileRef = DA47EB77285A3F00003A8ACF /* What's new in Safari and WebKit .swift */; };
		DA47EB7C285A4011003A8ACF /* What's new in SharePlay .swift in Sources */ = {isa = PBXBuildFile; fileRef = DA47EB7B285A4011003A8ACF /* What's new in SharePlay .swift */; };
		DA47EB7D285A4011003A8ACF /* What's new in SharePlay .swift in Sources */ = {isa = PBXBuildFile; fileRef = DA47EB7B285A4011003A8ACF /* What's new in SharePlay .swift */; };
		DA47EB7F285A40FE003A8ACF /* What's new in Swift .swift in Sources */ = {isa = PBXBuildFile; fileRef = DA47EB7E285A40FE003A8ACF /* What's new in Swift .swift */; };
		DA47EB80285A40FE003A8ACF /* What's new in Swift .swift in Sources */ = {isa = PBXBuildFile; fileRef = DA47EB7E285A40FE003A8ACF /* What's new in Swift .swift */; };
		DA47EB82285A4342003A8ACF /* What's new in SwiftUI .swift in Sources */ = {isa = PBXBuildFile; fileRef = DA47EB81285A4342003A8ACF /* What's new in SwiftUI .swift */; };
		DA47EB83285A4342003A8ACF /* What's new in SwiftUI .swift in Sources */ = {isa = PBXBuildFile; fileRef = DA47EB81285A4342003A8ACF /* What's new in SwiftUI .swift */; };
		DA47EB86285A44BD003A8ACF /* What's new in UIKit .swift in Sources */ = {isa = PBXBuildFile; fileRef = DA47EB85285A44BD003A8ACF /* What's new in UIKit .swift */; };
		DA47EB87285A44BD003A8ACF /* What's new in UIKit .swift in Sources */ = {isa = PBXBuildFile; fileRef = DA47EB85285A44BD003A8ACF /* What's new in UIKit .swift */; };
		DA47EB89285A45A9003A8ACF /* What's new in managing Apple devices .swift in Sources */ = {isa = PBXBuildFile; fileRef = DA47EB88285A45A9003A8ACF /* What's new in managing Apple devices .swift */; };
		DA47EB8A285A45A9003A8ACF /* What's new in managing Apple devices .swift in Sources */ = {isa = PBXBuildFile; fileRef = DA47EB88285A45A9003A8ACF /* What's new in managing Apple devices .swift */; };
		DA47EB8C285A4710003A8ACF /* What's new in Xcode .swift in Sources */ = {isa = PBXBuildFile; fileRef = DA47EB8B285A4710003A8ACF /* What's new in Xcode .swift */; };
		DA47EB8D285A4710003A8ACF /* What's new in Xcode .swift in Sources */ = {isa = PBXBuildFile; fileRef = DA47EB8B285A4710003A8ACF /* What's new in Xcode .swift */; };
		DA47EB8F285A488F003A8ACF /* What's new with in-app purchase .swift in Sources */ = {isa = PBXBuildFile; fileRef = DA47EB8E285A488F003A8ACF /* What's new with in-app purchase .swift */; };
		DA47EB90285A488F003A8ACF /* What's new with in-app purchase .swift in Sources */ = {isa = PBXBuildFile; fileRef = DA47EB8E285A488F003A8ACF /* What's new with in-app purchase .swift */; };
		DA47EB92285A4A87003A8ACF /* What’s new in notarization for Mac apps .swift in Sources */ = {isa = PBXBuildFile; fileRef = DA47EB91285A4A87003A8ACF /* What’s new in notarization for Mac apps .swift */; };
		DA47EB93285A4A87003A8ACF /* What’s new in notarization for Mac apps .swift in Sources */ = {isa = PBXBuildFile; fileRef = DA47EB91285A4A87003A8ACF /* What’s new in notarization for Mac apps .swift */; };
		DA47EB96285A4B72003A8ACF /* Add Live Text interaction to your app .swift in Sources */ = {isa = PBXBuildFile; fileRef = DA47EB95285A4B72003A8ACF /* Add Live Text interaction to your app .swift */; };
		DA47EB97285A4B72003A8ACF /* Add Live Text interaction to your app .swift in Sources */ = {isa = PBXBuildFile; fileRef = DA47EB95285A4B72003A8ACF /* Add Live Text interaction to your app .swift */; };
/* End PBXBuildFile section */

/* Begin PBXContainerItemProxy section */
		DA47EA912857035D003A8ACF /* PBXContainerItemProxy */ = {
			isa = PBXContainerItemProxy;
			containerPortal = DA47EA742857035C003A8ACF /* Project object */;
			proxyType = 1;
			remoteGlobalIDString = DA47EA822857035D003A8ACF;
			remoteInfo = "WWDCForJapanese (iOS)";
		};
		DA47EA9D2857035D003A8ACF /* PBXContainerItemProxy */ = {
			isa = PBXContainerItemProxy;
			containerPortal = DA47EA742857035C003A8ACF /* Project object */;
			proxyType = 1;
			remoteGlobalIDString = DA47EA882857035D003A8ACF;
			remoteInfo = "WWDCForJapanese (macOS)";
		};
/* End PBXContainerItemProxy section */

/* Begin PBXFileReference section */
		DA1A7CC2285B699B0076DCFC /* Add Shared with You to your app .swift */ = {isa = PBXFileReference; lastKnownFileType = sourcecode.swift; path = "Add Shared with You to your app .swift"; sourceTree = "<group>"; };
		DA1A7CC5285B7CF00076DCFC /* Adopt declarative device management .swift */ = {isa = PBXFileReference; lastKnownFileType = sourcecode.swift; path = "Adopt declarative device management .swift"; sourceTree = "<group>"; };
		DA47EA7A2857035C003A8ACF /* Shared.xcdatamodel */ = {isa = PBXFileReference; lastKnownFileType = wrapper.xcdatamodel; path = Shared.xcdatamodel; sourceTree = "<group>"; };
		DA47EA7B2857035C003A8ACF /* WWDCForJapaneseApp.swift */ = {isa = PBXFileReference; lastKnownFileType = sourcecode.swift; path = WWDCForJapaneseApp.swift; sourceTree = "<group>"; };
		DA47EA7C2857035C003A8ACF /* RootView.swift */ = {isa = PBXFileReference; lastKnownFileType = sourcecode.swift; path = RootView.swift; sourceTree = "<group>"; };
		DA47EA7D2857035C003A8ACF /* Persistence.swift */ = {isa = PBXFileReference; lastKnownFileType = sourcecode.swift; path = Persistence.swift; sourceTree = "<group>"; };
		DA47EA7E2857035D003A8ACF /* Assets.xcassets */ = {isa = PBXFileReference; lastKnownFileType = folder.assetcatalog; path = Assets.xcassets; sourceTree = "<group>"; };
		DA47EA832857035D003A8ACF /* WWDCForJapanese.app */ = {isa = PBXFileReference; explicitFileType = wrapper.application; includeInIndex = 0; path = WWDCForJapanese.app; sourceTree = BUILT_PRODUCTS_DIR; };
		DA47EA892857035D003A8ACF /* WWDCForJapanese.app */ = {isa = PBXFileReference; explicitFileType = wrapper.application; includeInIndex = 0; path = WWDCForJapanese.app; sourceTree = BUILT_PRODUCTS_DIR; };
		DA47EA8B2857035D003A8ACF /* macOS.entitlements */ = {isa = PBXFileReference; lastKnownFileType = text.plist.entitlements; path = macOS.entitlements; sourceTree = "<group>"; };
		DA47EA902857035D003A8ACF /* Tests iOS.xctest */ = {isa = PBXFileReference; explicitFileType = wrapper.cfbundle; includeInIndex = 0; path = "Tests iOS.xctest"; sourceTree = BUILT_PRODUCTS_DIR; };
		DA47EA942857035D003A8ACF /* Tests_iOS.swift */ = {isa = PBXFileReference; lastKnownFileType = sourcecode.swift; path = Tests_iOS.swift; sourceTree = "<group>"; };
		DA47EA962857035D003A8ACF /* Tests_iOSLaunchTests.swift */ = {isa = PBXFileReference; lastKnownFileType = sourcecode.swift; path = Tests_iOSLaunchTests.swift; sourceTree = "<group>"; };
		DA47EA9C2857035D003A8ACF /* Tests macOS.xctest */ = {isa = PBXFileReference; explicitFileType = wrapper.cfbundle; includeInIndex = 0; path = "Tests macOS.xctest"; sourceTree = BUILT_PRODUCTS_DIR; };
		DA47EAA02857035D003A8ACF /* Tests_macOS.swift */ = {isa = PBXFileReference; lastKnownFileType = sourcecode.swift; path = Tests_macOS.swift; sourceTree = "<group>"; };
		DA47EAA22857035D003A8ACF /* Tests_macOSLaunchTests.swift */ = {isa = PBXFileReference; lastKnownFileType = sourcecode.swift; path = Tests_macOSLaunchTests.swift; sourceTree = "<group>"; };
		DA47EABC28570399003A8ACF /* WWDCFormatter.swift */ = {isa = PBXFileReference; lastKnownFileType = sourcecode.swift; path = WWDCFormatter.swift; sourceTree = "<group>"; };
		DA47EAC0285703C2003A8ACF /* ArrayExt.swift */ = {isa = PBXFileReference; lastKnownFileType = sourcecode.swift; path = ArrayExt.swift; sourceTree = "<group>"; };
		DA47EAC4285706C4003A8ACF /* WWDCForJapanese (iOS).entitlements */ = {isa = PBXFileReference; lastKnownFileType = text.plist.entitlements; path = "WWDCForJapanese (iOS).entitlements"; sourceTree = "<group>"; };
		DA47EAC628570701003A8ACF /* ItemDetailView.swift */ = {isa = PBXFileReference; lastKnownFileType = sourcecode.swift; path = ItemDetailView.swift; sourceTree = "<group>"; };
		DA47EACB28570C61003A8ACF /* What's new in SF Symbols 4.swift */ = {isa = PBXFileReference; lastKnownFileType = sourcecode.swift; path = "What's new in SF Symbols 4.swift"; sourceTree = "<group>"; };
		DA47EACE28570CCE003A8ACF /* ArticleProtocol.swift */ = {isa = PBXFileReference; lastKnownFileType = sourcecode.swift; path = ArticleProtocol.swift; sourceTree = "<group>"; };
		DA47EAD128571D61003A8ACF /* HomeView.swift */ = {isa = PBXFileReference; lastKnownFileType = sourcecode.swift; path = HomeView.swift; sourceTree = "<group>"; };
		DA47EAD428571D82003A8ACF /* MyPageView.swift */ = {isa = PBXFileReference; lastKnownFileType = sourcecode.swift; path = MyPageView.swift; sourceTree = "<group>"; };
		DA47EAD7285720D6003A8ACF /* WWDC22Articles.swift */ = {isa = PBXFileReference; lastKnownFileType = sourcecode.swift; path = WWDC22Articles.swift; sourceTree = "<group>"; };
		DA47EADA28574A3F003A8ACF /* ComplicationsAndWidgetsReloadedArticle.swift */ = {isa = PBXFileReference; lastKnownFileType = sourcecode.swift; path = ComplicationsAndWidgetsReloadedArticle.swift; sourceTree = "<group>"; };
		DA47EADD28577E76003A8ACF /* CreateParametric3DRoomScansWithRoomPlanArticle.swift */ = {isa = PBXFileReference; lastKnownFileType = sourcecode.swift; path = CreateParametric3DRoomScansWithRoomPlanArticle.swift; sourceTree = "<group>"; };
		DA47EAE0285780D6003A8ACF /* HelloSwiftChartsArticle.swift */ = {isa = PBXFileReference; lastKnownFileType = sourcecode.swift; path = HelloSwiftChartsArticle.swift; sourceTree = "<group>"; };
		DA47EAE32857FADE003A8ACF /* Bring your driver to iPad with DriverKit.swift */ = {isa = PBXFileReference; lastKnownFileType = sourcecode.swift; path = "Bring your driver to iPad with DriverKit.swift"; sourceTree = "<group>"; };
		DA47EAE628596F87003A8ACF /* Add accessibility to your Unity games.swift */ = {isa = PBXFileReference; lastKnownFileType = sourcecode.swift; path = "Add accessibility to your Unity games.swift"; sourceTree = "<group>"; };
		DA47EAE9285971F7003A8ACF /* Adopt Variable Color in SF Symbols.swift */ = {isa = PBXFileReference; lastKnownFileType = sourcecode.swift; path = "Adopt Variable Color in SF Symbols.swift"; sourceTree = "<group>"; };
		DA47EAEC285975A5003A8ACF /* Adopt desktop-class editing interactions.swift */ = {isa = PBXFileReference; lastKnownFileType = sourcecode.swift; path = "Adopt desktop-class editing interactions.swift"; sourceTree = "<group>"; };
		DA47EAEF285977C5003A8ACF /* Bring Continuity Camera to your macOS app .swift */ = {isa = PBXFileReference; lastKnownFileType = sourcecode.swift; path = "Bring Continuity Camera to your macOS app .swift"; sourceTree = "<group>"; };
		DA47EAF228597914003A8ACF /* Bring your world into augmented reality .swift */ = {isa = PBXFileReference; lastKnownFileType = sourcecode.swift; path = "Bring your world into augmented reality .swift"; sourceTree = "<group>"; };
		DA47EAF528597DEC003A8ACF /* Build your first app in Swift Playgrounds .swift */ = {isa = PBXFileReference; lastKnownFileType = sourcecode.swift; path = "Build your first app in Swift Playgrounds .swift"; sourceTree = "<group>"; };
		DA47EAFB2859B6CD003A8ACF /* Capture machine-readable codes and text with VisionKit .swift */ = {isa = PBXFileReference; lastKnownFileType = sourcecode.swift; path = "Capture machine-readable codes and text with VisionKit .swift"; sourceTree = "<group>"; };
		DA47EAFE2859B920003A8ACF /* Create a more responsive media app.swift */ = {isa = PBXFileReference; lastKnownFileType = sourcecode.swift; path = "Create a more responsive media app.swift"; sourceTree = "<group>"; };
		DA47EB012859BBCB003A8ACF /* Create macOS or Linux virtual machines.swift */ = {isa = PBXFileReference; lastKnownFileType = sourcecode.swift; path = "Create macOS or Linux virtual machines.swift"; sourceTree = "<group>"; };
		DA47EB042859D14D003A8ACF /* Deliver reliable streams with HLS Content Steering .swift */ = {isa = PBXFileReference; lastKnownFileType = sourcecode.swift; path = "Deliver reliable streams with HLS Content Steering .swift"; sourceTree = "<group>"; };
		DA47EB072859D460003A8ACF /* DiscoverMetal3Article.swift */ = {isa = PBXFileReference; lastKnownFileType = sourcecode.swift; path = DiscoverMetal3Article.swift; sourceTree = "<group>"; };
		DA47EB0A2859D660003A8ACF /* Dive into App Intents .swift */ = {isa = PBXFileReference; lastKnownFileType = sourcecode.swift; path = "Dive into App Intents .swift"; sourceTree = "<group>"; };
		DA47EB102859D7AC003A8ACF /*  Enhance collaboration experiences with Messages.swift */ = {isa = PBXFileReference; lastKnownFileType = sourcecode.swift; path = " Enhance collaboration experiences with Messages.swift"; sourceTree = "<group>"; };
		DA47EB132859D9EC003A8ACF /* Enhance voice communication with Push to Talk .swift */ = {isa = PBXFileReference; lastKnownFileType = sourcecode.swift; path = "Enhance voice communication with Push to Talk .swift"; sourceTree = "<group>"; };
		DA47EB172859DB4C003A8ACF /* Explore more content with MusicKit .swift */ = {isa = PBXFileReference; lastKnownFileType = sourcecode.swift; path = "Explore more content with MusicKit .swift"; sourceTree = "<group>"; };
		DA47EB1B2859DDE3003A8ACF /* Get more mileage out of your app with CarPlay .swift */ = {isa = PBXFileReference; lastKnownFileType = sourcecode.swift; path = "Get more mileage out of your app with CarPlay .swift"; sourceTree = "<group>"; };
		DA47EB1F2859E0BF003A8ACF /* Get the most out of Xcode Cloud .swift */ = {isa = PBXFileReference; lastKnownFileType = sourcecode.swift; path = "Get the most out of Xcode Cloud .swift"; sourceTree = "<group>"; };
		DA47EB232859E1BF003A8ACF /* Get timely alerts from Bluetooth devices on watchOS .swift */ = {isa = PBXFileReference; lastKnownFileType = sourcecode.swift; path = "Get timely alerts from Bluetooth devices on watchOS .swift"; sourceTree = "<group>"; };
		DA47EB272859E2EC003A8ACF /* Get to know Create ML Components .swift */ = {isa = PBXFileReference; lastKnownFileType = sourcecode.swift; path = "Get to know Create ML Components .swift"; sourceTree = "<group>"; };
		DA47EB2B285A0356003A8ACF /* Get to know Developer Mode .swift */ = {isa = PBXFileReference; lastKnownFileType = sourcecode.swift; path = "Get to know Developer Mode .swift"; sourceTree = "<group>"; };
		DA47EB33285A079A003A8ACF /* Implement App Shortcuts with App Intents .swift */ = {isa = PBXFileReference; lastKnownFileType = sourcecode.swift; path = "Implement App Shortcuts with App Intents .swift"; sourceTree = "<group>"; };
		DA47EB37285A08E2003A8ACF /* Load resources faster with Metal 3 .swift */ = {isa = PBXFileReference; lastKnownFileType = sourcecode.swift; path = "Load resources faster with Metal 3 .swift"; sourceTree = "<group>"; };
		DA47EB3B285A0A33003A8ACF /* Meet Apple Maps Server APIs .swift */ = {isa = PBXFileReference; lastKnownFileType = sourcecode.swift; path = "Meet Apple Maps Server APIs .swift"; sourceTree = "<group>"; };
		DA47EB3E285A0BFF003A8ACF /* Meet Focus filters .swift */ = {isa = PBXFileReference; lastKnownFileType = sourcecode.swift; path = "Meet Focus filters .swift"; sourceTree = "<group>"; };
		DA47EB41285A0D72003A8ACF /* Meet Swift Async Algorithms .swift */ = {isa = PBXFileReference; lastKnownFileType = sourcecode.swift; path = "Meet Swift Async Algorithms .swift"; sourceTree = "<group>"; };
		DA47EB44285A0E63003A8ACF /* Meet Swift Regex .swift */ = {isa = PBXFileReference; lastKnownFileType = sourcecode.swift; path = "Meet Swift Regex .swift"; sourceTree = "<group>"; };
		DA47EB48285A114F003A8ACF /* Meet WeatherKit .swift */ = {isa = PBXFileReference; lastKnownFileType = sourcecode.swift; path = "Meet WeatherKit .swift"; sourceTree = "<group>"; };
		DA47EB4B285A11F7003A8ACF /* Meet Web Push for Safari .swift */ = {isa = PBXFileReference; lastKnownFileType = sourcecode.swift; path = "Meet Web Push for Safari .swift"; sourceTree = "<group>"; };
		DA47EB4F285A130A003A8ACF /* Meet desktop-class iPad .swift */ = {isa = PBXFileReference; lastKnownFileType = sourcecode.swift; path = "Meet desktop-class iPad .swift"; sourceTree = "<group>"; };
		DA47EB52285A1417003A8ACF /* Meet passkeys .swift */ = {isa = PBXFileReference; lastKnownFileType = sourcecode.swift; path = "Meet passkeys .swift"; sourceTree = "<group>"; };
		DA47EB56285A1568003A8ACF /* Plug-in and play- Add Apple frameworks to your Unity game projects .swift */ = {isa = PBXFileReference; lastKnownFileType = sourcecode.swift; path = "Plug-in and play- Add Apple frameworks to your Unity game projects .swift"; sourceTree = "<group>"; };
		DA47EB59285A17DD003A8ACF /* Program Metal in C++ with metal-cpp .swift */ = {isa = PBXFileReference; lastKnownFileType = sourcecode.swift; path = "Program Metal in C++ with metal-cpp .swift"; sourceTree = "<group>"; };
		DA47EB5D285A1924003A8ACF /* Qualities of great AR experiences .swift */ = {isa = PBXFileReference; lastKnownFileType = sourcecode.swift; path = "Qualities of great AR experiences .swift"; sourceTree = "<group>"; };
		DA47EB61285A1DBB003A8ACF /* The SwiftUI cookbook for navigation.swift */ = {isa = PBXFileReference; lastKnownFileType = sourcecode.swift; path = "The SwiftUI cookbook for navigation.swift"; sourceTree = "<group>"; };
		DA47EB65285A3017003A8ACF /* Visualize and optimize Swift concurrency .swift */ = {isa = PBXFileReference; lastKnownFileType = sourcecode.swift; path = "Visualize and optimize Swift concurrency .swift"; sourceTree = "<group>"; };
		DA47EB68285A3916003A8ACF /* What's new in App Clips .swift */ = {isa = PBXFileReference; lastKnownFileType = sourcecode.swift; path = "What's new in App Clips .swift"; sourceTree = "<group>"; };
		DA47EB6B285A39F2003A8ACF /* What's new in AppKit .swift */ = {isa = PBXFileReference; lastKnownFileType = sourcecode.swift; path = "What's new in AppKit .swift"; sourceTree = "<group>"; };
		DA47EB6E285A3B8A003A8ACF /* What's new in Create ML .swift */ = {isa = PBXFileReference; lastKnownFileType = sourcecode.swift; path = "What's new in Create ML .swift"; sourceTree = "<group>"; };
		DA47EB71285A3D23003A8ACF /* What's new in Nearby Interaction .swift */ = {isa = PBXFileReference; lastKnownFileType = sourcecode.swift; path = "What's new in Nearby Interaction .swift"; sourceTree = "<group>"; };
		DA47EB77285A3F00003A8ACF /* What's new in Safari and WebKit .swift */ = {isa = PBXFileReference; lastKnownFileType = sourcecode.swift; path = "What's new in Safari and WebKit .swift"; sourceTree = "<group>"; };
		DA47EB7B285A4011003A8ACF /* What's new in SharePlay .swift */ = {isa = PBXFileReference; lastKnownFileType = sourcecode.swift; path = "What's new in SharePlay .swift"; sourceTree = "<group>"; };
		DA47EB7E285A40FE003A8ACF /* What's new in Swift .swift */ = {isa = PBXFileReference; lastKnownFileType = sourcecode.swift; path = "What's new in Swift .swift"; sourceTree = "<group>"; };
		DA47EB81285A4342003A8ACF /* What's new in SwiftUI .swift */ = {isa = PBXFileReference; lastKnownFileType = sourcecode.swift; path = "What's new in SwiftUI .swift"; sourceTree = "<group>"; };
		DA47EB85285A44BD003A8ACF /* What's new in UIKit .swift */ = {isa = PBXFileReference; lastKnownFileType = sourcecode.swift; path = "What's new in UIKit .swift"; sourceTree = "<group>"; };
		DA47EB88285A45A9003A8ACF /* What's new in managing Apple devices .swift */ = {isa = PBXFileReference; lastKnownFileType = sourcecode.swift; path = "What's new in managing Apple devices .swift"; sourceTree = "<group>"; };
		DA47EB8B285A4710003A8ACF /* What's new in Xcode .swift */ = {isa = PBXFileReference; lastKnownFileType = sourcecode.swift; path = "What's new in Xcode .swift"; sourceTree = "<group>"; };
		DA47EB8E285A488F003A8ACF /* What's new with in-app purchase .swift */ = {isa = PBXFileReference; lastKnownFileType = sourcecode.swift; path = "What's new with in-app purchase .swift"; sourceTree = "<group>"; };
		DA47EB91285A4A87003A8ACF /* What’s new in notarization for Mac apps .swift */ = {isa = PBXFileReference; lastKnownFileType = sourcecode.swift; path = "What’s new in notarization for Mac apps .swift"; sourceTree = "<group>"; };
		DA47EB95285A4B72003A8ACF /* Add Live Text interaction to your app .swift */ = {isa = PBXFileReference; lastKnownFileType = sourcecode.swift; path = "Add Live Text interaction to your app .swift"; sourceTree = "<group>"; };
/* End PBXFileReference section */

/* Begin PBXFrameworksBuildPhase section */
		DA47EA802857035D003A8ACF /* Frameworks */ = {
			isa = PBXFrameworksBuildPhase;
			buildActionMask = 2147483647;
			files = (
				DA47EAFA2859B52C003A8ACF /* NukeUI in Frameworks */,
			);
			runOnlyForDeploymentPostprocessing = 0;
		};
		DA47EA862857035D003A8ACF /* Frameworks */ = {
			isa = PBXFrameworksBuildPhase;
			buildActionMask = 2147483647;
			files = (
			);
			runOnlyForDeploymentPostprocessing = 0;
		};
		DA47EA8D2857035D003A8ACF /* Frameworks */ = {
			isa = PBXFrameworksBuildPhase;
			buildActionMask = 2147483647;
			files = (
			);
			runOnlyForDeploymentPostprocessing = 0;
		};
		DA47EA992857035D003A8ACF /* Frameworks */ = {
			isa = PBXFrameworksBuildPhase;
			buildActionMask = 2147483647;
			files = (
			);
			runOnlyForDeploymentPostprocessing = 0;
		};
/* End PBXFrameworksBuildPhase section */

/* Begin PBXGroup section */
		DA47EA732857035C003A8ACF = {
			isa = PBXGroup;
			children = (
				DA47EAC4285706C4003A8ACF /* WWDCForJapanese (iOS).entitlements */,
				DA47EA782857035C003A8ACF /* Shared */,
				DA47EA8A2857035D003A8ACF /* macOS */,
				DA47EA932857035D003A8ACF /* Tests iOS */,
				DA47EA9F2857035D003A8ACF /* Tests macOS */,
				DA47EA842857035D003A8ACF /* Products */,
			);
			sourceTree = "<group>";
		};
		DA47EA782857035C003A8ACF /* Shared */ = {
			isa = PBXGroup;
			children = (
				DA47EABF285703B7003A8ACF /* Extension */,
				DA47EAC928570C37003A8ACF /* Data */,
				DA47EAC3285703D5003A8ACF /* Utils */,
				DA47EA7B2857035C003A8ACF /* WWDCForJapaneseApp.swift */,
				DA47EA7E2857035D003A8ACF /* Assets.xcassets */,
			);
			path = Shared;
			sourceTree = "<group>";
		};
		DA47EA842857035D003A8ACF /* Products */ = {
			isa = PBXGroup;
			children = (
				DA47EA832857035D003A8ACF /* WWDCForJapanese.app */,
				DA47EA892857035D003A8ACF /* WWDCForJapanese.app */,
				DA47EA902857035D003A8ACF /* Tests iOS.xctest */,
				DA47EA9C2857035D003A8ACF /* Tests macOS.xctest */,
			);
			name = Products;
			sourceTree = "<group>";
		};
		DA47EA8A2857035D003A8ACF /* macOS */ = {
			isa = PBXGroup;
			children = (
				DA47EA8B2857035D003A8ACF /* macOS.entitlements */,
			);
			path = macOS;
			sourceTree = "<group>";
		};
		DA47EA932857035D003A8ACF /* Tests iOS */ = {
			isa = PBXGroup;
			children = (
				DA47EA942857035D003A8ACF /* Tests_iOS.swift */,
				DA47EA962857035D003A8ACF /* Tests_iOSLaunchTests.swift */,
			);
			path = "Tests iOS";
			sourceTree = "<group>";
		};
		DA47EA9F2857035D003A8ACF /* Tests macOS */ = {
			isa = PBXGroup;
			children = (
				DA47EAA02857035D003A8ACF /* Tests_macOS.swift */,
				DA47EAA22857035D003A8ACF /* Tests_macOSLaunchTests.swift */,
			);
			path = "Tests macOS";
			sourceTree = "<group>";
		};
		DA47EABF285703B7003A8ACF /* Extension */ = {
			isa = PBXGroup;
			children = (
				DA47EAC0285703C2003A8ACF /* ArrayExt.swift */,
			);
			path = Extension;
			sourceTree = "<group>";
		};
		DA47EAC3285703D5003A8ACF /* Utils */ = {
			isa = PBXGroup;
			children = (
				DA47EA792857035C003A8ACF /* WWDCForJapanese.xcdatamodeld */,
				DA47EA7D2857035C003A8ACF /* Persistence.swift */,
				DA47EABC28570399003A8ACF /* WWDCFormatter.swift */,
			);
			path = Utils;
			sourceTree = "<group>";
		};
		DA47EAC5285706F5003A8ACF /* Views */ = {
			isa = PBXGroup;
			children = (
				DA47EA7C2857035C003A8ACF /* RootView.swift */,
				DA47EAD128571D61003A8ACF /* HomeView.swift */,
				DA47EAD428571D82003A8ACF /* MyPageView.swift */,
				DA47EAC628570701003A8ACF /* ItemDetailView.swift */,
			);
			path = Views;
			sourceTree = "<group>";
		};
		DA47EAC928570C37003A8ACF /* Data */ = {
			isa = PBXGroup;
			children = (
				DA47EAD7285720D6003A8ACF /* WWDC22Articles.swift */,
				DA47EACE28570CCE003A8ACF /* ArticleProtocol.swift */,
				DA47EACA28570C45003A8ACF /* WWDC22 */,
			);
			path = Data;
			sourceTree = "<group>";
		};
		DA47EACA28570C45003A8ACF /* WWDC22 */ = {
			isa = PBXGroup;
			children = (
				DA47EB94285A4B67003A8ACF /* LiveText */,
				DA47EB84285A44A1003A8ACF /* UIKit */,
				DA47EB262859E2E1003A8ACF /* CreateML */,
				DA47EB1A2859DDD5003A8ACF /* CarPlay */,
				DA47EB2E285A0616003A8ACF /* Charts */,
				DA47EB162859DB3E003A8ACF /* MusicKit */,
				DA47EB1E2859E0B0003A8ACF /* Xcode */,
				DA47EB222859E1B5003A8ACF /* watchOS */,
				DA47EB4E285A12FF003A8ACF /* iPadOS */,
				DA47EB2A2859E30B003A8ACF /* macOS */,
				DA47EB32285A0788003A8ACF /* ShortCut */,
				DA47EB47285A1141003A8ACF /* Weather */,
				DA47EB36285A08D7003A8ACF /* Metal */,
				DA47EB3A285A0A2B003A8ACF /* Map */,
				DA47EB55285A154F003A8ACF /* Unity */,
				DA47EB5C285A191D003A8ACF /* AR */,
				DA47EB60285A1DAB003A8ACF /* SwiftUI */,
				DA47EB64285A300E003A8ACF /* Swift */,
				DA47EB74285A3E9B003A8ACF /* WidgetKit */,
				DA47EB76285A3EF9003A8ACF /* WebKit */,
				DA47EB7A285A4005003A8ACF /* SharePlay */,
				DA47EAC5285706F5003A8ACF /* Views */,
				DA47EB75285A3EC4003A8ACF /* VisionKit */,
				DA47EB0E2859D790003A8ACF /* Other */,
			);
			path = WWDC22;
			sourceTree = "<group>";
		};
		DA47EB0E2859D790003A8ACF /* Other */ = {
			isa = PBXGroup;
			children = (
				DA47EB0A2859D660003A8ACF /* Dive into App Intents .swift */,
				DA47EB71285A3D23003A8ACF /* What's new in Nearby Interaction .swift */,
				DA1A7CC5285B7CF00076DCFC /* Adopt declarative device management .swift */,
				DA1A7CC2285B699B0076DCFC /* Add Shared with You to your app .swift */,
				DA47EAFE2859B920003A8ACF /* Create a more responsive media app.swift */,
				DA47EB68285A3916003A8ACF /* What's new in App Clips .swift */,
				DA47EB59285A17DD003A8ACF /* Program Metal in C++ with metal-cpp .swift */,
				DA47EB52285A1417003A8ACF /* Meet passkeys .swift */,
				DA47EB4B285A11F7003A8ACF /* Meet Web Push for Safari .swift */,
				DA47EB042859D14D003A8ACF /* Deliver reliable streams with HLS Content Steering .swift */,
				DA47EACB28570C61003A8ACF /* What's new in SF Symbols 4.swift */,
				DA47EB44285A0E63003A8ACF /* Meet Swift Regex .swift */,
				DA47EB2B285A0356003A8ACF /* Get to know Developer Mode .swift */,
				DA47EB3E285A0BFF003A8ACF /* Meet Focus filters .swift */,
				DA47EB132859D9EC003A8ACF /* Enhance voice communication with Push to Talk .swift */,
				DA47EAF528597DEC003A8ACF /* Build your first app in Swift Playgrounds .swift */,
				DA47EB102859D7AC003A8ACF /*  Enhance collaboration experiences with Messages.swift */,
				DA47EAE9285971F7003A8ACF /* Adopt Variable Color in SF Symbols.swift */,
				DA47EB41285A0D72003A8ACF /* Meet Swift Async Algorithms .swift */,
				DA47EB88285A45A9003A8ACF /* What's new in managing Apple devices .swift */,
				DA47EB8E285A488F003A8ACF /* What's new with in-app purchase .swift */,
			);
			path = Other;
			sourceTree = "<group>";
		};
		DA47EB162859DB3E003A8ACF /* MusicKit */ = {
			isa = PBXGroup;
			children = (
				DA47EB172859DB4C003A8ACF /* Explore more content with MusicKit .swift */,
			);
			path = MusicKit;
			sourceTree = "<group>";
		};
		DA47EB1A2859DDD5003A8ACF /* CarPlay */ = {
			isa = PBXGroup;
			children = (
				DA47EB1B2859DDE3003A8ACF /* Get more mileage out of your app with CarPlay .swift */,
			);
			path = CarPlay;
			sourceTree = "<group>";
		};
		DA47EB1E2859E0B0003A8ACF /* Xcode */ = {
			isa = PBXGroup;
			children = (
				DA47EB1F2859E0BF003A8ACF /* Get the most out of Xcode Cloud .swift */,
				DA47EB8B285A4710003A8ACF /* What's new in Xcode .swift */,
			);
			path = Xcode;
			sourceTree = "<group>";
		};
		DA47EB222859E1B5003A8ACF /* watchOS */ = {
			isa = PBXGroup;
			children = (
				DA47EB232859E1BF003A8ACF /* Get timely alerts from Bluetooth devices on watchOS .swift */,
			);
			path = watchOS;
			sourceTree = "<group>";
		};
		DA47EB262859E2E1003A8ACF /* CreateML */ = {
			isa = PBXGroup;
			children = (
				DA47EB272859E2EC003A8ACF /* Get to know Create ML Components .swift */,
				DA47EB6E285A3B8A003A8ACF /* What's new in Create ML .swift */,
			);
			path = CreateML;
			sourceTree = "<group>";
		};
		DA47EB2A2859E30B003A8ACF /* macOS */ = {
			isa = PBXGroup;
			children = (
				DA47EAEC285975A5003A8ACF /* Adopt desktop-class editing interactions.swift */,
				DA47EAEF285977C5003A8ACF /* Bring Continuity Camera to your macOS app .swift */,
				DA47EB012859BBCB003A8ACF /* Create macOS or Linux virtual machines.swift */,
				DA47EB6B285A39F2003A8ACF /* What's new in AppKit .swift */,
				DA47EB91285A4A87003A8ACF /* What’s new in notarization for Mac apps .swift */,
			);
			path = macOS;
			sourceTree = "<group>";
		};
		DA47EB2E285A0616003A8ACF /* Charts */ = {
			isa = PBXGroup;
			children = (
				DA47EAE0285780D6003A8ACF /* HelloSwiftChartsArticle.swift */,
			);
			path = Charts;
			sourceTree = "<group>";
		};
		DA47EB32285A0788003A8ACF /* ShortCut */ = {
			isa = PBXGroup;
			children = (
				DA47EB33285A079A003A8ACF /* Implement App Shortcuts with App Intents .swift */,
			);
			path = ShortCut;
			sourceTree = "<group>";
		};
		DA47EB36285A08D7003A8ACF /* Metal */ = {
			isa = PBXGroup;
			children = (
				DA47EB072859D460003A8ACF /* DiscoverMetal3Article.swift */,
				DA47EB37285A08E2003A8ACF /* Load resources faster with Metal 3 .swift */,
			);
			path = Metal;
			sourceTree = "<group>";
		};
		DA47EB3A285A0A2B003A8ACF /* Map */ = {
			isa = PBXGroup;
			children = (
				DA47EB3B285A0A33003A8ACF /* Meet Apple Maps Server APIs .swift */,
			);
			path = Map;
			sourceTree = "<group>";
		};
		DA47EB47285A1141003A8ACF /* Weather */ = {
			isa = PBXGroup;
			children = (
				DA47EB48285A114F003A8ACF /* Meet WeatherKit .swift */,
			);
			path = Weather;
			sourceTree = "<group>";
		};
		DA47EB4E285A12FF003A8ACF /* iPadOS */ = {
			isa = PBXGroup;
			children = (
				DA47EAE32857FADE003A8ACF /* Bring your driver to iPad with DriverKit.swift */,
				DA47EB4F285A130A003A8ACF /* Meet desktop-class iPad .swift */,
			);
			path = iPadOS;
			sourceTree = "<group>";
		};
		DA47EB55285A154F003A8ACF /* Unity */ = {
			isa = PBXGroup;
			children = (
				DA47EAE628596F87003A8ACF /* Add accessibility to your Unity games.swift */,
				DA47EB56285A1568003A8ACF /* Plug-in and play- Add Apple frameworks to your Unity game projects .swift */,
			);
			path = Unity;
			sourceTree = "<group>";
		};
		DA47EB5C285A191D003A8ACF /* AR */ = {
			isa = PBXGroup;
			children = (
				DA47EAF228597914003A8ACF /* Bring your world into augmented reality .swift */,
				DA47EADD28577E76003A8ACF /* CreateParametric3DRoomScansWithRoomPlanArticle.swift */,
				DA47EB5D285A1924003A8ACF /* Qualities of great AR experiences .swift */,
			);
			path = AR;
			sourceTree = "<group>";
		};
		DA47EB60285A1DAB003A8ACF /* SwiftUI */ = {
			isa = PBXGroup;
			children = (
				DA47EB61285A1DBB003A8ACF /* The SwiftUI cookbook for navigation.swift */,
				DA47EB81285A4342003A8ACF /* What's new in SwiftUI .swift */,
			);
			path = SwiftUI;
			sourceTree = "<group>";
		};
		DA47EB64285A300E003A8ACF /* Swift */ = {
			isa = PBXGroup;
			children = (
				DA47EB65285A3017003A8ACF /* Visualize and optimize Swift concurrency .swift */,
				DA47EB7E285A40FE003A8ACF /* What's new in Swift .swift */,
			);
			path = Swift;
			sourceTree = "<group>";
		};
		DA47EB74285A3E9B003A8ACF /* WidgetKit */ = {
			isa = PBXGroup;
			children = (
				DA47EADA28574A3F003A8ACF /* ComplicationsAndWidgetsReloadedArticle.swift */,
			);
			path = WidgetKit;
			sourceTree = "<group>";
		};
		DA47EB75285A3EC4003A8ACF /* VisionKit */ = {
			isa = PBXGroup;
			children = (
				DA47EAFB2859B6CD003A8ACF /* Capture machine-readable codes and text with VisionKit .swift */,
			);
			path = VisionKit;
			sourceTree = "<group>";
		};
		DA47EB76285A3EF9003A8ACF /* WebKit */ = {
			isa = PBXGroup;
			children = (
				DA47EB77285A3F00003A8ACF /* What's new in Safari and WebKit .swift */,
			);
			path = WebKit;
			sourceTree = "<group>";
		};
		DA47EB7A285A4005003A8ACF /* SharePlay */ = {
			isa = PBXGroup;
			children = (
				DA47EB7B285A4011003A8ACF /* What's new in SharePlay .swift */,
			);
			path = SharePlay;
			sourceTree = "<group>";
		};
		DA47EB84285A44A1003A8ACF /* UIKit */ = {
			isa = PBXGroup;
			children = (
				DA47EB85285A44BD003A8ACF /* What's new in UIKit .swift */,
			);
			path = UIKit;
			sourceTree = "<group>";
		};
		DA47EB94285A4B67003A8ACF /* LiveText */ = {
			isa = PBXGroup;
			children = (
				DA47EB95285A4B72003A8ACF /* Add Live Text interaction to your app .swift */,
			);
			path = LiveText;
			sourceTree = "<group>";
		};
/* End PBXGroup section */

/* Begin PBXNativeTarget section */
		DA47EA822857035D003A8ACF /* WWDCForJapanese (iOS) */ = {
			isa = PBXNativeTarget;
			buildConfigurationList = DA47EAB02857035D003A8ACF /* Build configuration list for PBXNativeTarget "WWDCForJapanese (iOS)" */;
			buildPhases = (
				DA47EA7F2857035D003A8ACF /* Sources */,
				DA47EA802857035D003A8ACF /* Frameworks */,
				DA47EA812857035D003A8ACF /* Resources */,
			);
			buildRules = (
			);
			dependencies = (
			);
			name = "WWDCForJapanese (iOS)";
			packageProductDependencies = (
				DA47EAF92859B52C003A8ACF /* NukeUI */,
			);
			productName = "WWDCForJapanese (iOS)";
			productReference = DA47EA832857035D003A8ACF /* WWDCForJapanese.app */;
			productType = "com.apple.product-type.application";
		};
		DA47EA882857035D003A8ACF /* WWDCForJapanese (macOS) */ = {
			isa = PBXNativeTarget;
			buildConfigurationList = DA47EAB32857035D003A8ACF /* Build configuration list for PBXNativeTarget "WWDCForJapanese (macOS)" */;
			buildPhases = (
				DA47EA852857035D003A8ACF /* Sources */,
				DA47EA862857035D003A8ACF /* Frameworks */,
				DA47EA872857035D003A8ACF /* Resources */,
			);
			buildRules = (
			);
			dependencies = (
			);
			name = "WWDCForJapanese (macOS)";
			productName = "WWDCForJapanese (macOS)";
			productReference = DA47EA892857035D003A8ACF /* WWDCForJapanese.app */;
			productType = "com.apple.product-type.application";
		};
		DA47EA8F2857035D003A8ACF /* Tests iOS */ = {
			isa = PBXNativeTarget;
			buildConfigurationList = DA47EAB62857035D003A8ACF /* Build configuration list for PBXNativeTarget "Tests iOS" */;
			buildPhases = (
				DA47EA8C2857035D003A8ACF /* Sources */,
				DA47EA8D2857035D003A8ACF /* Frameworks */,
				DA47EA8E2857035D003A8ACF /* Resources */,
			);
			buildRules = (
			);
			dependencies = (
				DA47EA922857035D003A8ACF /* PBXTargetDependency */,
			);
			name = "Tests iOS";
			productName = "Tests iOS";
			productReference = DA47EA902857035D003A8ACF /* Tests iOS.xctest */;
			productType = "com.apple.product-type.bundle.ui-testing";
		};
		DA47EA9B2857035D003A8ACF /* Tests macOS */ = {
			isa = PBXNativeTarget;
			buildConfigurationList = DA47EAB92857035D003A8ACF /* Build configuration list for PBXNativeTarget "Tests macOS" */;
			buildPhases = (
				DA47EA982857035D003A8ACF /* Sources */,
				DA47EA992857035D003A8ACF /* Frameworks */,
				DA47EA9A2857035D003A8ACF /* Resources */,
			);
			buildRules = (
			);
			dependencies = (
				DA47EA9E2857035D003A8ACF /* PBXTargetDependency */,
			);
			name = "Tests macOS";
			productName = "Tests macOS";
			productReference = DA47EA9C2857035D003A8ACF /* Tests macOS.xctest */;
			productType = "com.apple.product-type.bundle.ui-testing";
		};
/* End PBXNativeTarget section */

/* Begin PBXProject section */
		DA47EA742857035C003A8ACF /* Project object */ = {
			isa = PBXProject;
			attributes = {
				BuildIndependentTargetsInParallel = 1;
				LastSwiftUpdateCheck = 1340;
				LastUpgradeCheck = 1340;
				TargetAttributes = {
					DA47EA822857035D003A8ACF = {
						CreatedOnToolsVersion = 13.4.1;
					};
					DA47EA882857035D003A8ACF = {
						CreatedOnToolsVersion = 13.4.1;
					};
					DA47EA8F2857035D003A8ACF = {
						CreatedOnToolsVersion = 13.4.1;
						TestTargetID = DA47EA822857035D003A8ACF;
					};
					DA47EA9B2857035D003A8ACF = {
						CreatedOnToolsVersion = 13.4.1;
						TestTargetID = DA47EA882857035D003A8ACF;
					};
				};
			};
			buildConfigurationList = DA47EA772857035C003A8ACF /* Build configuration list for PBXProject "WWDCForJapanese" */;
			compatibilityVersion = "Xcode 13.0";
			developmentRegion = en;
			hasScannedForEncodings = 0;
			knownRegions = (
				en,
				Base,
			);
			mainGroup = DA47EA732857035C003A8ACF;
			packageReferences = (
				DA47EAF82859B52C003A8ACF /* XCRemoteSwiftPackageReference "NukeUI" */,
			);
			productRefGroup = DA47EA842857035D003A8ACF /* Products */;
			projectDirPath = "";
			projectRoot = "";
			targets = (
				DA47EA822857035D003A8ACF /* WWDCForJapanese (iOS) */,
				DA47EA882857035D003A8ACF /* WWDCForJapanese (macOS) */,
				DA47EA8F2857035D003A8ACF /* Tests iOS */,
				DA47EA9B2857035D003A8ACF /* Tests macOS */,
			);
		};
/* End PBXProject section */

/* Begin PBXResourcesBuildPhase section */
		DA47EA812857035D003A8ACF /* Resources */ = {
			isa = PBXResourcesBuildPhase;
			buildActionMask = 2147483647;
			files = (
				DA47EAAC2857035D003A8ACF /* Assets.xcassets in Resources */,
			);
			runOnlyForDeploymentPostprocessing = 0;
		};
		DA47EA872857035D003A8ACF /* Resources */ = {
			isa = PBXResourcesBuildPhase;
			buildActionMask = 2147483647;
			files = (
				DA47EAAD2857035D003A8ACF /* Assets.xcassets in Resources */,
			);
			runOnlyForDeploymentPostprocessing = 0;
		};
		DA47EA8E2857035D003A8ACF /* Resources */ = {
			isa = PBXResourcesBuildPhase;
			buildActionMask = 2147483647;
			files = (
			);
			runOnlyForDeploymentPostprocessing = 0;
		};
		DA47EA9A2857035D003A8ACF /* Resources */ = {
			isa = PBXResourcesBuildPhase;
			buildActionMask = 2147483647;
			files = (
			);
			runOnlyForDeploymentPostprocessing = 0;
		};
/* End PBXResourcesBuildPhase section */

/* Begin PBXSourcesBuildPhase section */
		DA47EA7F2857035D003A8ACF /* Sources */ = {
			isa = PBXSourcesBuildPhase;
			buildActionMask = 2147483647;
			files = (
				DA47EB38285A08E2003A8ACF /* Load resources faster with Metal 3 .swift in Sources */,
				DA47EB34285A079A003A8ACF /* Implement App Shortcuts with App Intents .swift in Sources */,
				DA47EB142859D9EC003A8ACF /* Enhance voice communication with Push to Talk .swift in Sources */,
				DA47EB53285A1417003A8ACF /* Meet passkeys .swift in Sources */,
				DA47EB69285A3916003A8ACF /* What's new in App Clips .swift in Sources */,
				DA47EACC28570C61003A8ACF /* What's new in SF Symbols 4.swift in Sources */,
				DA47EB5E285A1924003A8ACF /* Qualities of great AR experiences .swift in Sources */,
				DA47EAA42857035D003A8ACF /* WWDCForJapanese.xcdatamodeld in Sources */,
				DA47EB50285A130A003A8ACF /* Meet desktop-class iPad .swift in Sources */,
				DA47EACF28570CCE003A8ACF /* ArticleProtocol.swift in Sources */,
				DA47EB082859D460003A8ACF /* DiscoverMetal3Article.swift in Sources */,
				DA47EAD8285720D6003A8ACF /* WWDC22Articles.swift in Sources */,
				DA47EB202859E0BF003A8ACF /* Get the most out of Xcode Cloud .swift in Sources */,
				DA47EB66285A3017003A8ACF /* Visualize and optimize Swift concurrency .swift in Sources */,
				DA47EAD228571D61003A8ACF /* HomeView.swift in Sources */,
				DA47EB78285A3F00003A8ACF /* What's new in Safari and WebKit .swift in Sources */,
				DA47EAED285975A5003A8ACF /* Adopt desktop-class editing interactions.swift in Sources */,
				DA47EB96285A4B72003A8ACF /* Add Live Text interaction to your app .swift in Sources */,
				DA47EAE728596F87003A8ACF /* Add accessibility to your Unity games.swift in Sources */,
				DA47EAF328597914003A8ACF /* Bring your world into augmented reality .swift in Sources */,
				DA47EB8F285A488F003A8ACF /* What's new with in-app purchase .swift in Sources */,
				DA47EAAA2857035D003A8ACF /* Persistence.swift in Sources */,
				DA47EB57285A1568003A8ACF /* Plug-in and play- Add Apple frameworks to your Unity game projects .swift in Sources */,
				DA47EADB28574A3F003A8ACF /* ComplicationsAndWidgetsReloadedArticle.swift in Sources */,
				DA47EAE42857FADE003A8ACF /* Bring your driver to iPad with DriverKit.swift in Sources */,
				DA47EB92285A4A87003A8ACF /* What’s new in notarization for Mac apps .swift in Sources */,
				DA47EAF0285977C5003A8ACF /* Bring Continuity Camera to your macOS app .swift in Sources */,
				DA47EB45285A0E63003A8ACF /* Meet Swift Regex .swift in Sources */,
				DA47EAC728570701003A8ACF /* ItemDetailView.swift in Sources */,
				DA47EADE28577E76003A8ACF /* CreateParametric3DRoomScansWithRoomPlanArticle.swift in Sources */,
				DA47EB4C285A11F7003A8ACF /* Meet Web Push for Safari .swift in Sources */,
				DA47EAD528571D82003A8ACF /* MyPageView.swift in Sources */,
				DA47EB112859D7AC003A8ACF /*  Enhance collaboration experiences with Messages.swift in Sources */,
				DA47EB2C285A0356003A8ACF /* Get to know Developer Mode .swift in Sources */,
				DA47EB8C285A4710003A8ACF /* What's new in Xcode .swift in Sources */,
				DA47EB42285A0D72003A8ACF /* Meet Swift Async Algorithms .swift in Sources */,
				DA47EABD28570399003A8ACF /* WWDCFormatter.swift in Sources */,
				DA47EB6C285A39F2003A8ACF /* What's new in AppKit .swift in Sources */,
				DA47EB86285A44BD003A8ACF /* What's new in UIKit .swift in Sources */,
				DA47EB89285A45A9003A8ACF /* What's new in managing Apple devices .swift in Sources */,
				DA47EB7C285A4011003A8ACF /* What's new in SharePlay .swift in Sources */,
				DA47EB82285A4342003A8ACF /* What's new in SwiftUI .swift in Sources */,
				DA47EB7F285A40FE003A8ACF /* What's new in Swift .swift in Sources */,
				DA47EAA62857035D003A8ACF /* WWDCForJapaneseApp.swift in Sources */,
				DA1A7CC6285B7CF00076DCFC /* Adopt declarative device management .swift in Sources */,
				DA47EB3F285A0BFF003A8ACF /* Meet Focus filters .swift in Sources */,
				DA47EB6F285A3B8A003A8ACF /* What's new in Create ML .swift in Sources */,
				DA47EB5A285A17DD003A8ACF /* Program Metal in C++ with metal-cpp .swift in Sources */,
				DA47EB052859D14D003A8ACF /* Deliver reliable streams with HLS Content Steering .swift in Sources */,
				DA47EB0B2859D660003A8ACF /* Dive into App Intents .swift in Sources */,
				DA47EB022859BBCB003A8ACF /* Create macOS or Linux virtual machines.swift in Sources */,
				DA47EB62285A1DBB003A8ACF /* The SwiftUI cookbook for navigation.swift in Sources */,
				DA47EB49285A114F003A8ACF /* Meet WeatherKit .swift in Sources */,
				DA47EB282859E2EC003A8ACF /* Get to know Create ML Components .swift in Sources */,
				DA47EB72285A3D23003A8ACF /* What's new in Nearby Interaction .swift in Sources */,
				DA47EB182859DB4C003A8ACF /* Explore more content with MusicKit .swift in Sources */,
				DA47EB242859E1BF003A8ACF /* Get timely alerts from Bluetooth devices on watchOS .swift in Sources */,
				DA47EAE1285780D6003A8ACF /* HelloSwiftChartsArticle.swift in Sources */,
				DA47EAFF2859B920003A8ACF /* Create a more responsive media app.swift in Sources */,
				DA47EAEA285971F7003A8ACF /* Adopt Variable Color in SF Symbols.swift in Sources */,
				DA47EB1C2859DDE3003A8ACF /* Get more mileage out of your app with CarPlay .swift in Sources */,
				DA47EAF628597DEC003A8ACF /* Build your first app in Swift Playgrounds .swift in Sources */,
				DA47EB3C285A0A33003A8ACF /* Meet Apple Maps Server APIs .swift in Sources */,
				DA47EAA82857035D003A8ACF /* RootView.swift in Sources */,
				DA47EAC1285703C2003A8ACF /* ArrayExt.swift in Sources */,
				DA47EAFC2859B6CD003A8ACF /* Capture machine-readable codes and text with VisionKit .swift in Sources */,
				DA1A7CC3285B699B0076DCFC /* Add Shared with You to your app .swift in Sources */,
			);
			runOnlyForDeploymentPostprocessing = 0;
		};
		DA47EA852857035D003A8ACF /* Sources */ = {
			isa = PBXSourcesBuildPhase;
			buildActionMask = 2147483647;
			files = (
				DA47EB39285A08E2003A8ACF /* Load resources faster with Metal 3 .swift in Sources */,
				DA47EB35285A079A003A8ACF /* Implement App Shortcuts with App Intents .swift in Sources */,
				DA47EB152859D9EC003A8ACF /* Enhance voice communication with Push to Talk .swift in Sources */,
				DA47EB54285A1417003A8ACF /* Meet passkeys .swift in Sources */,
				DA47EB6A285A3916003A8ACF /* What's new in App Clips .swift in Sources */,
				DA47EACD28570C61003A8ACF /* What's new in SF Symbols 4.swift in Sources */,
				DA47EB5F285A1924003A8ACF /* Qualities of great AR experiences .swift in Sources */,
				DA47EAA52857035D003A8ACF /* WWDCForJapanese.xcdatamodeld in Sources */,
				DA47EB51285A130A003A8ACF /* Meet desktop-class iPad .swift in Sources */,
				DA47EAD028570CCE003A8ACF /* ArticleProtocol.swift in Sources */,
				DA47EB092859D460003A8ACF /* DiscoverMetal3Article.swift in Sources */,
				DA47EAD9285720D6003A8ACF /* WWDC22Articles.swift in Sources */,
				DA47EB212859E0BF003A8ACF /* Get the most out of Xcode Cloud .swift in Sources */,
				DA47EB67285A3017003A8ACF /* Visualize and optimize Swift concurrency .swift in Sources */,
				DA47EAD328571D61003A8ACF /* HomeView.swift in Sources */,
				DA47EB79285A3F00003A8ACF /* What's new in Safari and WebKit .swift in Sources */,
				DA47EAEE285975A5003A8ACF /* Adopt desktop-class editing interactions.swift in Sources */,
				DA47EB97285A4B72003A8ACF /* Add Live Text interaction to your app .swift in Sources */,
				DA47EAE828596F87003A8ACF /* Add accessibility to your Unity games.swift in Sources */,
				DA47EAF428597914003A8ACF /* Bring your world into augmented reality .swift in Sources */,
				DA47EB90285A488F003A8ACF /* What's new with in-app purchase .swift in Sources */,
				DA47EAAB2857035D003A8ACF /* Persistence.swift in Sources */,
				DA47EB58285A1568003A8ACF /* Plug-in and play- Add Apple frameworks to your Unity game projects .swift in Sources */,
				DA47EADC28574A3F003A8ACF /* ComplicationsAndWidgetsReloadedArticle.swift in Sources */,
				DA47EAE52857FADE003A8ACF /* Bring your driver to iPad with DriverKit.swift in Sources */,
				DA47EB93285A4A87003A8ACF /* What’s new in notarization for Mac apps .swift in Sources */,
				DA47EAF1285977C5003A8ACF /* Bring Continuity Camera to your macOS app .swift in Sources */,
				DA47EB46285A0E63003A8ACF /* Meet Swift Regex .swift in Sources */,
				DA47EAC828570701003A8ACF /* ItemDetailView.swift in Sources */,
				DA47EADF28577E76003A8ACF /* CreateParametric3DRoomScansWithRoomPlanArticle.swift in Sources */,
				DA47EB4D285A11F7003A8ACF /* Meet Web Push for Safari .swift in Sources */,
				DA47EAD628571D82003A8ACF /* MyPageView.swift in Sources */,
				DA47EB122859D7AC003A8ACF /*  Enhance collaboration experiences with Messages.swift in Sources */,
				DA47EB2D285A0356003A8ACF /* Get to know Developer Mode .swift in Sources */,
				DA47EB8D285A4710003A8ACF /* What's new in Xcode .swift in Sources */,
				DA47EB43285A0D72003A8ACF /* Meet Swift Async Algorithms .swift in Sources */,
				DA47EABE28570399003A8ACF /* WWDCFormatter.swift in Sources */,
				DA47EB6D285A39F2003A8ACF /* What's new in AppKit .swift in Sources */,
				DA47EB87285A44BD003A8ACF /* What's new in UIKit .swift in Sources */,
				DA47EB8A285A45A9003A8ACF /* What's new in managing Apple devices .swift in Sources */,
				DA47EB7D285A4011003A8ACF /* What's new in SharePlay .swift in Sources */,
				DA47EB83285A4342003A8ACF /* What's new in SwiftUI .swift in Sources */,
				DA47EB80285A40FE003A8ACF /* What's new in Swift .swift in Sources */,
				DA47EAA72857035D003A8ACF /* WWDCForJapaneseApp.swift in Sources */,
				DA1A7CC7285B7CF00076DCFC /* Adopt declarative device management .swift in Sources */,
				DA47EB40285A0BFF003A8ACF /* Meet Focus filters .swift in Sources */,
				DA47EB70285A3B8A003A8ACF /* What's new in Create ML .swift in Sources */,
				DA47EB5B285A17DD003A8ACF /* Program Metal in C++ with metal-cpp .swift in Sources */,
				DA47EB062859D14D003A8ACF /* Deliver reliable streams with HLS Content Steering .swift in Sources */,
				DA47EB0C2859D660003A8ACF /* Dive into App Intents .swift in Sources */,
				DA47EB032859BBCB003A8ACF /* Create macOS or Linux virtual machines.swift in Sources */,
				DA47EB63285A1DBB003A8ACF /* The SwiftUI cookbook for navigation.swift in Sources */,
				DA47EB4A285A114F003A8ACF /* Meet WeatherKit .swift in Sources */,
				DA47EB292859E2EC003A8ACF /* Get to know Create ML Components .swift in Sources */,
				DA47EB73285A3D23003A8ACF /* What's new in Nearby Interaction .swift in Sources */,
				DA47EB192859DB4C003A8ACF /* Explore more content with MusicKit .swift in Sources */,
				DA47EB252859E1BF003A8ACF /* Get timely alerts from Bluetooth devices on watchOS .swift in Sources */,
				DA47EAE2285780D6003A8ACF /* HelloSwiftChartsArticle.swift in Sources */,
				DA47EB002859B920003A8ACF /* Create a more responsive media app.swift in Sources */,
				DA47EAEB285971F7003A8ACF /* Adopt Variable Color in SF Symbols.swift in Sources */,
				DA47EB1D2859DDE3003A8ACF /* Get more mileage out of your app with CarPlay .swift in Sources */,
				DA47EAF728597DEC003A8ACF /* Build your first app in Swift Playgrounds .swift in Sources */,
				DA47EB3D285A0A33003A8ACF /* Meet Apple Maps Server APIs .swift in Sources */,
				DA47EAA92857035D003A8ACF /* RootView.swift in Sources */,
				DA47EAC2285703C2003A8ACF /* ArrayExt.swift in Sources */,
				DA47EAFD2859B6CD003A8ACF /* Capture machine-readable codes and text with VisionKit .swift in Sources */,
				DA1A7CC4285B699B0076DCFC /* Add Shared with You to your app .swift in Sources */,
			);
			runOnlyForDeploymentPostprocessing = 0;
		};
		DA47EA8C2857035D003A8ACF /* Sources */ = {
			isa = PBXSourcesBuildPhase;
			buildActionMask = 2147483647;
			files = (
				DA47EA972857035D003A8ACF /* Tests_iOSLaunchTests.swift in Sources */,
				DA47EA952857035D003A8ACF /* Tests_iOS.swift in Sources */,
			);
			runOnlyForDeploymentPostprocessing = 0;
		};
		DA47EA982857035D003A8ACF /* Sources */ = {
			isa = PBXSourcesBuildPhase;
			buildActionMask = 2147483647;
			files = (
				DA47EAA32857035D003A8ACF /* Tests_macOSLaunchTests.swift in Sources */,
				DA47EAA12857035D003A8ACF /* Tests_macOS.swift in Sources */,
			);
			runOnlyForDeploymentPostprocessing = 0;
		};
/* End PBXSourcesBuildPhase section */

/* Begin PBXTargetDependency section */
		DA47EA922857035D003A8ACF /* PBXTargetDependency */ = {
			isa = PBXTargetDependency;
			target = DA47EA822857035D003A8ACF /* WWDCForJapanese (iOS) */;
			targetProxy = DA47EA912857035D003A8ACF /* PBXContainerItemProxy */;
		};
		DA47EA9E2857035D003A8ACF /* PBXTargetDependency */ = {
			isa = PBXTargetDependency;
			target = DA47EA882857035D003A8ACF /* WWDCForJapanese (macOS) */;
			targetProxy = DA47EA9D2857035D003A8ACF /* PBXContainerItemProxy */;
		};
/* End PBXTargetDependency section */

/* Begin XCBuildConfiguration section */
		DA47EAAE2857035D003A8ACF /* Debug */ = {
			isa = XCBuildConfiguration;
			buildSettings = {
				ALWAYS_SEARCH_USER_PATHS = NO;
				CLANG_ANALYZER_NONNULL = YES;
				CLANG_ANALYZER_NUMBER_OBJECT_CONVERSION = YES_AGGRESSIVE;
				CLANG_CXX_LANGUAGE_STANDARD = "gnu++17";
				CLANG_ENABLE_MODULES = YES;
				CLANG_ENABLE_OBJC_ARC = YES;
				CLANG_ENABLE_OBJC_WEAK = YES;
				CLANG_WARN_BLOCK_CAPTURE_AUTORELEASING = YES;
				CLANG_WARN_BOOL_CONVERSION = YES;
				CLANG_WARN_COMMA = YES;
				CLANG_WARN_CONSTANT_CONVERSION = YES;
				CLANG_WARN_DEPRECATED_OBJC_IMPLEMENTATIONS = YES;
				CLANG_WARN_DIRECT_OBJC_ISA_USAGE = YES_ERROR;
				CLANG_WARN_DOCUMENTATION_COMMENTS = YES;
				CLANG_WARN_EMPTY_BODY = YES;
				CLANG_WARN_ENUM_CONVERSION = YES;
				CLANG_WARN_INFINITE_RECURSION = YES;
				CLANG_WARN_INT_CONVERSION = YES;
				CLANG_WARN_NON_LITERAL_NULL_CONVERSION = YES;
				CLANG_WARN_OBJC_IMPLICIT_RETAIN_SELF = YES;
				CLANG_WARN_OBJC_LITERAL_CONVERSION = YES;
				CLANG_WARN_OBJC_ROOT_CLASS = YES_ERROR;
				CLANG_WARN_QUOTED_INCLUDE_IN_FRAMEWORK_HEADER = YES;
				CLANG_WARN_RANGE_LOOP_ANALYSIS = YES;
				CLANG_WARN_STRICT_PROTOTYPES = YES;
				CLANG_WARN_SUSPICIOUS_MOVE = YES;
				CLANG_WARN_UNGUARDED_AVAILABILITY = YES_AGGRESSIVE;
				CLANG_WARN_UNREACHABLE_CODE = YES;
				CLANG_WARN__DUPLICATE_METHOD_MATCH = YES;
				COPY_PHASE_STRIP = NO;
				DEBUG_INFORMATION_FORMAT = dwarf;
				ENABLE_STRICT_OBJC_MSGSEND = YES;
				ENABLE_TESTABILITY = YES;
				GCC_C_LANGUAGE_STANDARD = gnu11;
				GCC_DYNAMIC_NO_PIC = NO;
				GCC_NO_COMMON_BLOCKS = YES;
				GCC_OPTIMIZATION_LEVEL = 0;
				GCC_PREPROCESSOR_DEFINITIONS = (
					"DEBUG=1",
					"$(inherited)",
				);
				GCC_WARN_64_TO_32_BIT_CONVERSION = YES;
				GCC_WARN_ABOUT_RETURN_TYPE = YES_ERROR;
				GCC_WARN_UNDECLARED_SELECTOR = YES;
				GCC_WARN_UNINITIALIZED_AUTOS = YES_AGGRESSIVE;
				GCC_WARN_UNUSED_FUNCTION = YES;
				GCC_WARN_UNUSED_VARIABLE = YES;
				IPHONEOS_DEPLOYMENT_TARGET = 15.0;
				MACOSX_DEPLOYMENT_TARGET = 12.0;
				MTL_ENABLE_DEBUG_INFO = INCLUDE_SOURCE;
				MTL_FAST_MATH = YES;
				ONLY_ACTIVE_ARCH = YES;
				SWIFT_ACTIVE_COMPILATION_CONDITIONS = DEBUG;
				SWIFT_OPTIMIZATION_LEVEL = "-Onone";
			};
			name = Debug;
		};
		DA47EAAF2857035D003A8ACF /* Release */ = {
			isa = XCBuildConfiguration;
			buildSettings = {
				ALWAYS_SEARCH_USER_PATHS = NO;
				CLANG_ANALYZER_NONNULL = YES;
				CLANG_ANALYZER_NUMBER_OBJECT_CONVERSION = YES_AGGRESSIVE;
				CLANG_CXX_LANGUAGE_STANDARD = "gnu++17";
				CLANG_ENABLE_MODULES = YES;
				CLANG_ENABLE_OBJC_ARC = YES;
				CLANG_ENABLE_OBJC_WEAK = YES;
				CLANG_WARN_BLOCK_CAPTURE_AUTORELEASING = YES;
				CLANG_WARN_BOOL_CONVERSION = YES;
				CLANG_WARN_COMMA = YES;
				CLANG_WARN_CONSTANT_CONVERSION = YES;
				CLANG_WARN_DEPRECATED_OBJC_IMPLEMENTATIONS = YES;
				CLANG_WARN_DIRECT_OBJC_ISA_USAGE = YES_ERROR;
				CLANG_WARN_DOCUMENTATION_COMMENTS = YES;
				CLANG_WARN_EMPTY_BODY = YES;
				CLANG_WARN_ENUM_CONVERSION = YES;
				CLANG_WARN_INFINITE_RECURSION = YES;
				CLANG_WARN_INT_CONVERSION = YES;
				CLANG_WARN_NON_LITERAL_NULL_CONVERSION = YES;
				CLANG_WARN_OBJC_IMPLICIT_RETAIN_SELF = YES;
				CLANG_WARN_OBJC_LITERAL_CONVERSION = YES;
				CLANG_WARN_OBJC_ROOT_CLASS = YES_ERROR;
				CLANG_WARN_QUOTED_INCLUDE_IN_FRAMEWORK_HEADER = YES;
				CLANG_WARN_RANGE_LOOP_ANALYSIS = YES;
				CLANG_WARN_STRICT_PROTOTYPES = YES;
				CLANG_WARN_SUSPICIOUS_MOVE = YES;
				CLANG_WARN_UNGUARDED_AVAILABILITY = YES_AGGRESSIVE;
				CLANG_WARN_UNREACHABLE_CODE = YES;
				CLANG_WARN__DUPLICATE_METHOD_MATCH = YES;
				COPY_PHASE_STRIP = NO;
				DEBUG_INFORMATION_FORMAT = "dwarf-with-dsym";
				ENABLE_NS_ASSERTIONS = NO;
				ENABLE_STRICT_OBJC_MSGSEND = YES;
				GCC_C_LANGUAGE_STANDARD = gnu11;
				GCC_NO_COMMON_BLOCKS = YES;
				GCC_WARN_64_TO_32_BIT_CONVERSION = YES;
				GCC_WARN_ABOUT_RETURN_TYPE = YES_ERROR;
				GCC_WARN_UNDECLARED_SELECTOR = YES;
				GCC_WARN_UNINITIALIZED_AUTOS = YES_AGGRESSIVE;
				GCC_WARN_UNUSED_FUNCTION = YES;
				GCC_WARN_UNUSED_VARIABLE = YES;
				IPHONEOS_DEPLOYMENT_TARGET = 15.0;
				MACOSX_DEPLOYMENT_TARGET = 12.0;
				MTL_ENABLE_DEBUG_INFO = NO;
				MTL_FAST_MATH = YES;
				SWIFT_COMPILATION_MODE = wholemodule;
				SWIFT_OPTIMIZATION_LEVEL = "-O";
			};
			name = Release;
		};
		DA47EAB12857035D003A8ACF /* Debug */ = {
			isa = XCBuildConfiguration;
			buildSettings = {
				ASSETCATALOG_COMPILER_APPICON_NAME = AppIcon;
				ASSETCATALOG_COMPILER_GLOBAL_ACCENT_COLOR_NAME = AccentColor;
				CODE_SIGN_ENTITLEMENTS = "WWDCForJapanese (iOS).entitlements";
				CODE_SIGN_STYLE = Automatic;
				CURRENT_PROJECT_VERSION = 1;
				DEVELOPMENT_TEAM = A93B2TPWBT;
				ENABLE_PREVIEWS = YES;
				GENERATE_INFOPLIST_FILE = YES;
				INFOPLIST_KEY_UIApplicationSceneManifest_Generation = YES;
				INFOPLIST_KEY_UIApplicationSupportsIndirectInputEvents = YES;
				INFOPLIST_KEY_UILaunchScreen_Generation = YES;
				INFOPLIST_KEY_UISupportedInterfaceOrientations_iPad = "UIInterfaceOrientationPortrait UIInterfaceOrientationPortraitUpsideDown UIInterfaceOrientationLandscapeLeft UIInterfaceOrientationLandscapeRight";
				INFOPLIST_KEY_UISupportedInterfaceOrientations_iPhone = "UIInterfaceOrientationPortrait UIInterfaceOrientationLandscapeLeft UIInterfaceOrientationLandscapeRight";
				IPHONEOS_DEPLOYMENT_TARGET = 15.0;
				LD_RUNPATH_SEARCH_PATHS = (
					"$(inherited)",
					"@executable_path/Frameworks",
				);
				MARKETING_VERSION = 1.0;
				PRODUCT_BUNDLE_IDENTIFIER = com.tsuzuki817.WWDCForJapanese;
				PRODUCT_NAME = WWDCForJapanese;
				SDKROOT = iphoneos;
				SUPPORTS_MACCATALYST = YES;
				SWIFT_EMIT_LOC_STRINGS = YES;
				SWIFT_VERSION = 5.0;
				TARGETED_DEVICE_FAMILY = "1,2,6";
			};
			name = Debug;
		};
		DA47EAB22857035D003A8ACF /* Release */ = {
			isa = XCBuildConfiguration;
			buildSettings = {
				ASSETCATALOG_COMPILER_APPICON_NAME = AppIcon;
				ASSETCATALOG_COMPILER_GLOBAL_ACCENT_COLOR_NAME = AccentColor;
				CODE_SIGN_ENTITLEMENTS = "WWDCForJapanese (iOS).entitlements";
				CODE_SIGN_STYLE = Automatic;
				CURRENT_PROJECT_VERSION = 1;
				DEVELOPMENT_TEAM = A93B2TPWBT;
				ENABLE_PREVIEWS = YES;
				GENERATE_INFOPLIST_FILE = YES;
				INFOPLIST_KEY_UIApplicationSceneManifest_Generation = YES;
				INFOPLIST_KEY_UIApplicationSupportsIndirectInputEvents = YES;
				INFOPLIST_KEY_UILaunchScreen_Generation = YES;
				INFOPLIST_KEY_UISupportedInterfaceOrientations_iPad = "UIInterfaceOrientationPortrait UIInterfaceOrientationPortraitUpsideDown UIInterfaceOrientationLandscapeLeft UIInterfaceOrientationLandscapeRight";
				INFOPLIST_KEY_UISupportedInterfaceOrientations_iPhone = "UIInterfaceOrientationPortrait UIInterfaceOrientationLandscapeLeft UIInterfaceOrientationLandscapeRight";
				IPHONEOS_DEPLOYMENT_TARGET = 15.0;
				LD_RUNPATH_SEARCH_PATHS = (
					"$(inherited)",
					"@executable_path/Frameworks",
				);
				MARKETING_VERSION = 1.0;
				PRODUCT_BUNDLE_IDENTIFIER = com.tsuzuki817.WWDCForJapanese;
				PRODUCT_NAME = WWDCForJapanese;
				SDKROOT = iphoneos;
				SUPPORTS_MACCATALYST = YES;
				SWIFT_EMIT_LOC_STRINGS = YES;
				SWIFT_VERSION = 5.0;
				TARGETED_DEVICE_FAMILY = "1,2,6";
				VALIDATE_PRODUCT = YES;
			};
			name = Release;
		};
		DA47EAB42857035D003A8ACF /* Debug */ = {
			isa = XCBuildConfiguration;
			buildSettings = {
				ASSETCATALOG_COMPILER_APPICON_NAME = AppIcon;
				ASSETCATALOG_COMPILER_GLOBAL_ACCENT_COLOR_NAME = AccentColor;
				CODE_SIGN_ENTITLEMENTS = macOS/macOS.entitlements;
				CODE_SIGN_STYLE = Automatic;
				COMBINE_HIDPI_IMAGES = YES;
				CURRENT_PROJECT_VERSION = 1;
				DEVELOPMENT_TEAM = A93B2TPWBT;
				ENABLE_HARDENED_RUNTIME = YES;
				ENABLE_PREVIEWS = YES;
				GENERATE_INFOPLIST_FILE = YES;
				INFOPLIST_KEY_NSHumanReadableCopyright = "";
				LD_RUNPATH_SEARCH_PATHS = (
					"$(inherited)",
					"@executable_path/../Frameworks",
				);
				MACOSX_DEPLOYMENT_TARGET = 12.0;
				MARKETING_VERSION = 1.0;
				PRODUCT_BUNDLE_IDENTIFIER = com.tsuzuki817.WWDCForJapanese;
				PRODUCT_NAME = WWDCForJapanese;
				SDKROOT = macosx;
				SWIFT_EMIT_LOC_STRINGS = YES;
				SWIFT_VERSION = 5.0;
			};
			name = Debug;
		};
		DA47EAB52857035D003A8ACF /* Release */ = {
			isa = XCBuildConfiguration;
			buildSettings = {
				ASSETCATALOG_COMPILER_APPICON_NAME = AppIcon;
				ASSETCATALOG_COMPILER_GLOBAL_ACCENT_COLOR_NAME = AccentColor;
				CODE_SIGN_ENTITLEMENTS = macOS/macOS.entitlements;
				CODE_SIGN_STYLE = Automatic;
				COMBINE_HIDPI_IMAGES = YES;
				CURRENT_PROJECT_VERSION = 1;
				DEVELOPMENT_TEAM = A93B2TPWBT;
				ENABLE_HARDENED_RUNTIME = YES;
				ENABLE_PREVIEWS = YES;
				GENERATE_INFOPLIST_FILE = YES;
				INFOPLIST_KEY_NSHumanReadableCopyright = "";
				LD_RUNPATH_SEARCH_PATHS = (
					"$(inherited)",
					"@executable_path/../Frameworks",
				);
				MACOSX_DEPLOYMENT_TARGET = 12.0;
				MARKETING_VERSION = 1.0;
				PRODUCT_BUNDLE_IDENTIFIER = com.tsuzuki817.WWDCForJapanese;
				PRODUCT_NAME = WWDCForJapanese;
				SDKROOT = macosx;
				SWIFT_EMIT_LOC_STRINGS = YES;
				SWIFT_VERSION = 5.0;
			};
			name = Release;
		};
		DA47EAB72857035D003A8ACF /* Debug */ = {
			isa = XCBuildConfiguration;
			buildSettings = {
				ALWAYS_EMBED_SWIFT_STANDARD_LIBRARIES = YES;
				CODE_SIGN_STYLE = Automatic;
				CURRENT_PROJECT_VERSION = 1;
				DEVELOPMENT_TEAM = A93B2TPWBT;
				GENERATE_INFOPLIST_FILE = YES;
				IPHONEOS_DEPLOYMENT_TARGET = 15.5;
				MARKETING_VERSION = 1.0;
				PRODUCT_BUNDLE_IDENTIFIER = "com.tsuzuki817.Tests-iOS";
				PRODUCT_NAME = "$(TARGET_NAME)";
				SDKROOT = iphoneos;
				SWIFT_EMIT_LOC_STRINGS = NO;
				SWIFT_VERSION = 5.0;
				TARGETED_DEVICE_FAMILY = "1,2";
				TEST_TARGET_NAME = "WWDCForJapanese (iOS)";
			};
			name = Debug;
		};
		DA47EAB82857035D003A8ACF /* Release */ = {
			isa = XCBuildConfiguration;
			buildSettings = {
				ALWAYS_EMBED_SWIFT_STANDARD_LIBRARIES = YES;
				CODE_SIGN_STYLE = Automatic;
				CURRENT_PROJECT_VERSION = 1;
				DEVELOPMENT_TEAM = A93B2TPWBT;
				GENERATE_INFOPLIST_FILE = YES;
				IPHONEOS_DEPLOYMENT_TARGET = 15.5;
				MARKETING_VERSION = 1.0;
				PRODUCT_BUNDLE_IDENTIFIER = "com.tsuzuki817.Tests-iOS";
				PRODUCT_NAME = "$(TARGET_NAME)";
				SDKROOT = iphoneos;
				SWIFT_EMIT_LOC_STRINGS = NO;
				SWIFT_VERSION = 5.0;
				TARGETED_DEVICE_FAMILY = "1,2";
				TEST_TARGET_NAME = "WWDCForJapanese (iOS)";
				VALIDATE_PRODUCT = YES;
			};
			name = Release;
		};
		DA47EABA2857035D003A8ACF /* Debug */ = {
			isa = XCBuildConfiguration;
			buildSettings = {
				ALWAYS_EMBED_SWIFT_STANDARD_LIBRARIES = YES;
				CODE_SIGN_STYLE = Automatic;
				CURRENT_PROJECT_VERSION = 1;
				DEVELOPMENT_TEAM = A93B2TPWBT;
				GENERATE_INFOPLIST_FILE = YES;
				MACOSX_DEPLOYMENT_TARGET = 12.3;
				MARKETING_VERSION = 1.0;
				PRODUCT_BUNDLE_IDENTIFIER = "com.tsuzuki817.Tests-macOS";
				PRODUCT_NAME = "$(TARGET_NAME)";
				SDKROOT = macosx;
				SWIFT_EMIT_LOC_STRINGS = NO;
				SWIFT_VERSION = 5.0;
				TEST_TARGET_NAME = "WWDCForJapanese (macOS)";
			};
			name = Debug;
		};
		DA47EABB2857035D003A8ACF /* Release */ = {
			isa = XCBuildConfiguration;
			buildSettings = {
				ALWAYS_EMBED_SWIFT_STANDARD_LIBRARIES = YES;
				CODE_SIGN_STYLE = Automatic;
				CURRENT_PROJECT_VERSION = 1;
				DEVELOPMENT_TEAM = A93B2TPWBT;
				GENERATE_INFOPLIST_FILE = YES;
				MACOSX_DEPLOYMENT_TARGET = 12.3;
				MARKETING_VERSION = 1.0;
				PRODUCT_BUNDLE_IDENTIFIER = "com.tsuzuki817.Tests-macOS";
				PRODUCT_NAME = "$(TARGET_NAME)";
				SDKROOT = macosx;
				SWIFT_EMIT_LOC_STRINGS = NO;
				SWIFT_VERSION = 5.0;
				TEST_TARGET_NAME = "WWDCForJapanese (macOS)";
			};
			name = Release;
		};
/* End XCBuildConfiguration section */

/* Begin XCConfigurationList section */
		DA47EA772857035C003A8ACF /* Build configuration list for PBXProject "WWDCForJapanese" */ = {
			isa = XCConfigurationList;
			buildConfigurations = (
				DA47EAAE2857035D003A8ACF /* Debug */,
				DA47EAAF2857035D003A8ACF /* Release */,
			);
			defaultConfigurationIsVisible = 0;
			defaultConfigurationName = Release;
		};
		DA47EAB02857035D003A8ACF /* Build configuration list for PBXNativeTarget "WWDCForJapanese (iOS)" */ = {
			isa = XCConfigurationList;
			buildConfigurations = (
				DA47EAB12857035D003A8ACF /* Debug */,
				DA47EAB22857035D003A8ACF /* Release */,
			);
			defaultConfigurationIsVisible = 0;
			defaultConfigurationName = Release;
		};
		DA47EAB32857035D003A8ACF /* Build configuration list for PBXNativeTarget "WWDCForJapanese (macOS)" */ = {
			isa = XCConfigurationList;
			buildConfigurations = (
				DA47EAB42857035D003A8ACF /* Debug */,
				DA47EAB52857035D003A8ACF /* Release */,
			);
			defaultConfigurationIsVisible = 0;
			defaultConfigurationName = Release;
		};
		DA47EAB62857035D003A8ACF /* Build configuration list for PBXNativeTarget "Tests iOS" */ = {
			isa = XCConfigurationList;
			buildConfigurations = (
				DA47EAB72857035D003A8ACF /* Debug */,
				DA47EAB82857035D003A8ACF /* Release */,
			);
			defaultConfigurationIsVisible = 0;
			defaultConfigurationName = Release;
		};
		DA47EAB92857035D003A8ACF /* Build configuration list for PBXNativeTarget "Tests macOS" */ = {
			isa = XCConfigurationList;
			buildConfigurations = (
				DA47EABA2857035D003A8ACF /* Debug */,
				DA47EABB2857035D003A8ACF /* Release */,
			);
			defaultConfigurationIsVisible = 0;
			defaultConfigurationName = Release;
		};
/* End XCConfigurationList section */

/* Begin XCRemoteSwiftPackageReference section */
		DA47EAF82859B52C003A8ACF /* XCRemoteSwiftPackageReference "NukeUI" */ = {
			isa = XCRemoteSwiftPackageReference;
			repositoryURL = "https://github.com/kean/NukeUI";
			requirement = {
				branch = main;
				kind = branch;
			};
		};
/* End XCRemoteSwiftPackageReference section */

/* Begin XCSwiftPackageProductDependency section */
		DA47EAF92859B52C003A8ACF /* NukeUI */ = {
			isa = XCSwiftPackageProductDependency;
			package = DA47EAF82859B52C003A8ACF /* XCRemoteSwiftPackageReference "NukeUI" */;
			productName = NukeUI;
		};
/* End XCSwiftPackageProductDependency section */

/* Begin XCVersionGroup section */
		DA47EA792857035C003A8ACF /* WWDCForJapanese.xcdatamodeld */ = {
			isa = XCVersionGroup;
			children = (
				DA47EA7A2857035C003A8ACF /* Shared.xcdatamodel */,
			);
			currentVersion = DA47EA7A2857035C003A8ACF /* Shared.xcdatamodel */;
			path = WWDCForJapanese.xcdatamodeld;
			sourceTree = "<group>";
			versionGroupType = wrapper.xcdatamodel;
		};
/* End XCVersionGroup section */
	};
	rootObject = DA47EA742857035C003A8ACF /* Project object */;
}
